{
  "version": 4,
  "terraform_version": "1.3.7",
  "serial": 18,
  "lineage": "a6980822-4be8-d32a-92d5-fe71962b8737",
  "outputs": {
    "public_ip": {
      "value": "",
      "type": "string"
    }
  },
  "resources": [
    {
      "mode": "managed",
      "type": "aws_eip",
      "name": "Nat_eip",
      "provider": "provider[\"registry.terraform.io/hashicorp/aws\"]",
      "instances": [
        {
          "schema_version": 0,
          "attributes": {
            "address": null,
            "allocation_id": "eipalloc-0048800640a682af6",
            "associate_with_private_ip": null,
            "association_id": "eipassoc-0d82d10c26c406428",
            "carrier_ip": "",
            "customer_owned_ip": "",
            "customer_owned_ipv4_pool": "",
            "domain": "vpc",
            "id": "eipalloc-0048800640a682af6",
            "instance": "",
            "network_border_group": "ap-south-1",
            "network_interface": "eni-0f975c7c613766862",
            "private_dns": "ip-120-0-0-86.ap-south-1.compute.internal",
            "private_ip": "120.0.0.86",
            "public_dns": "ec2-15-206-54-131.ap-south-1.compute.amazonaws.com",
            "public_ip": "15.206.54.131",
            "public_ipv4_pool": "amazon",
            "tags": {
              "Name": "test-eip"
            },
            "tags_all": {
              "Name": "test-eip"
            },
            "timeouts": null,
            "vpc": true
          },
          "sensitive_attributes": [],
          "private": "eyJlMmJmYjczMC1lY2FhLTExZTYtOGY4OC0zNDM2M2JjN2M0YzAiOnsiZGVsZXRlIjoxODAwMDAwMDAwMDAsInJlYWQiOjkwMDAwMDAwMDAwMCwidXBkYXRlIjozMDAwMDAwMDAwMDB9fQ=="
        }
      ]
    },
    {
      "mode": "managed",
      "type": "aws_instance",
      "name": "Ec2_Linux",
      "provider": "provider[\"registry.terraform.io/hashicorp/aws\"]",
      "instances": [
        {
          "schema_version": 1,
          "attributes": {
            "ami": "ami-0376ec8eacdf70aae",
            "arn": "arn:aws:ec2:ap-south-1:690932370148:instance/i-0916895f9b6b4c365",
            "associate_public_ip_address": false,
            "availability_zone": "ap-south-1a",
            "capacity_reservation_specification": [
              {
                "capacity_reservation_preference": "open",
                "capacity_reservation_target": []
              }
            ],
            "cpu_core_count": 1,
            "cpu_threads_per_core": 1,
            "credit_specification": [
              {
                "cpu_credits": "standard"
              }
            ],
            "disable_api_stop": false,
            "disable_api_termination": false,
            "ebs_block_device": [],
            "ebs_optimized": false,
            "enclave_options": [
              {
                "enabled": false
              }
            ],
            "ephemeral_block_device": [],
            "get_password_data": false,
            "hibernation": false,
            "host_id": "",
            "host_resource_group_arn": null,
            "iam_instance_profile": "",
            "id": "i-0916895f9b6b4c365",
            "instance_initiated_shutdown_behavior": "stop",
            "instance_state": "running",
            "instance_type": "t2.micro",
            "ipv6_address_count": 0,
            "ipv6_addresses": [],
            "key_name": "projectKey",
            "launch_template": [],
            "maintenance_options": [
              {
                "auto_recovery": "default"
              }
            ],
            "metadata_options": [
              {
                "http_endpoint": "enabled",
                "http_put_response_hop_limit": 2,
                "http_tokens": "required",
                "instance_metadata_tags": "disabled"
              }
            ],
            "monitoring": false,
            "network_interface": [],
            "outpost_arn": "",
            "password_data": "",
            "placement_group": "",
            "placement_partition_number": 0,
            "primary_network_interface_id": "eni-0f88263d9a0554ac0",
            "private_dns": "ip-120-0-1-64.ap-south-1.compute.internal",
            "private_dns_name_options": [
              {
                "enable_resource_name_dns_a_record": false,
                "enable_resource_name_dns_aaaa_record": false,
                "hostname_type": "ip-name"
              }
            ],
            "private_ip": "120.0.1.64",
            "public_dns": "",
            "public_ip": "",
            "root_block_device": [
              {
                "delete_on_termination": true,
                "device_name": "/dev/xvda",
                "encrypted": false,
                "iops": 3000,
                "kms_key_id": "",
                "tags": {},
                "throughput": 125,
                "volume_id": "vol-00533b796a0943dca",
                "volume_size": 8,
                "volume_type": "gp3"
              }
            ],
            "secondary_private_ips": [],
            "security_groups": [
              "sg-0387937c986d4618a"
            ],
            "source_dest_check": true,
            "subnet_id": "subnet-0ce94d13209953d68",
            "tags": {
              "Name": "Ec2_Linux"
            },
            "tags_all": {
              "Name": "Ec2_Linux"
            },
            "tenancy": "default",
            "timeouts": null,
            "user_data": null,
            "user_data_base64": null,
            "user_data_replace_on_change": false,
            "volume_tags": null,
            "vpc_security_group_ids": [
              "sg-0387937c986d4618a"
            ]
          },
          "sensitive_attributes": [],
          "private": "eyJlMmJmYjczMC1lY2FhLTExZTYtOGY4OC0zNDM2M2JjN2M0YzAiOnsiY3JlYXRlIjo2MDAwMDAwMDAwMDAsImRlbGV0ZSI6MTIwMDAwMDAwMDAwMCwidXBkYXRlIjo2MDAwMDAwMDAwMDB9LCJzY2hlbWFfdmVyc2lvbiI6IjEifQ==",
          "dependencies": [
            "aws_key_pair.projectKey",
            "aws_security_group.projectSGPrivate",
            "aws_subnet.PrivateSubnet"
          ]
        }
      ]
    },
    {
      "mode": "managed",
      "type": "aws_internet_gateway",
      "name": "Project_gateway",
      "provider": "provider[\"registry.terraform.io/hashicorp/aws\"]",
      "instances": [
        {
          "schema_version": 0,
          "attributes": {
            "arn": "arn:aws:ec2:ap-south-1:690932370148:internet-gateway/igw-0afd7ec5bb7f218c7",
            "id": "igw-0afd7ec5bb7f218c7",
            "owner_id": "690932370148",
            "tags": {
              "Name": "project_IG"
            },
            "tags_all": {
              "Name": "project_IG"
            },
            "timeouts": null,
            "vpc_id": "vpc-00611c3747bc54522"
          },
          "sensitive_attributes": [],
          "private": "eyJlMmJmYjczMC1lY2FhLTExZTYtOGY4OC0zNDM2M2JjN2M0YzAiOnsiY3JlYXRlIjoxMjAwMDAwMDAwMDAwLCJkZWxldGUiOjEyMDAwMDAwMDAwMDAsInVwZGF0ZSI6MTIwMDAwMDAwMDAwMH19",
          "dependencies": [
            "aws_vpc.Project"
          ]
        }
      ]
    },
    {
      "mode": "managed",
      "type": "aws_key_pair",
      "name": "projectKey",
      "provider": "provider[\"registry.terraform.io/hashicorp/aws\"]",
      "instances": [
        {
          "schema_version": 1,
          "attributes": {
            "arn": "arn:aws:ec2:ap-south-1:690932370148:key-pair/projectKey",
            "fingerprint": "ed:10:8d:e5:95:a1:02:8d:b5:c7:c2:54:04:b5:94:94",
            "id": "projectKey",
            "key_name": "projectKey",
            "key_name_prefix": "",
            "key_pair_id": "key-0b87c9ba16b1825b8",
            "key_type": "rsa",
            "public_key": "ssh-rsa AAAAB3NzaC1yc2EAAAADAQABAAACAQC7PJDsWdgVFmO7dzq54+DPlz8W2ZyT/K2N9nRxsLBZAE2lShCustAzw+VaBRle3glx23hhafTI5jykcE7dC8P2350X75CJH5tMWSAtng5CuUxQJhZX20DW6kPofuGrfvImknmqFwBGdPekWKhsntlJ9Ry9Q2PGMURR1UUdO9uoWVH50NYQX6VrQPqN3JjPpg2YzWmhU4vp6KmF3QOEI91+mCk/9Y+r+RVOgw6WGSavwUBSDESH/EW+nuZ7PVhVUfX3B0shof2CNkRU9eUx/jLaDoMY5VuI1umeVXfg2+XNIrje/1sToMIcM6ODVizPEEIQUoDwsgoL8Y0CmERXc3+smb53yitQKIFEPbnDMqZrjWVqFhBKSo5dPxCSzUoLJ6IdDKj6gCQrOy2aSfOclGGA+TTzu+ujTO/p2hPVGmCHU9AV16e0BnjK+aUauwX8zngyzhhu/iCDmQynMN251UCqEn/Y/+4v2B691n6SKZWTsMFizhXbOhyGiPMXXMY2AZcjjWxNfWpDz0aN76V+AOXGXxDDaNuiDJRMUx9WIf7qgDPTuUSXVyk7LaUkxhzLCh0xktBCaEIo9VF6GcOXVHmutFl2s8aor3Bko4hC4xHHAAXVa/nGTLVgO15+HeAOy+yA7Cq6XzedIfUrUZmHbZtp/Bix2Xk0lkLZzYoZ2RVyeQ==",
            "tags": {},
            "tags_all": {}
          },
          "sensitive_attributes": [],
          "private": "eyJzY2hlbWFfdmVyc2lvbiI6IjEifQ==",
          "dependencies": [
            "tls_private_key.rsa"
          ]
        }
      ]
    },
    {
      "mode": "managed",
      "type": "aws_nat_gateway",
      "name": "privateIG",
      "provider": "provider[\"registry.terraform.io/hashicorp/aws\"]",
      "instances": [
        {
          "schema_version": 0,
          "attributes": {
            "allocation_id": "eipalloc-0048800640a682af6",
            "connectivity_type": "public",
            "id": "nat-014f51c5db4eac278",
            "network_interface_id": "eni-0f975c7c613766862",
            "private_ip": "120.0.0.86",
            "public_ip": "15.206.54.131",
            "subnet_id": "subnet-098cfc439c2264c30",
            "tags": {
              "Name": "privateIG"
            },
            "tags_all": {
              "Name": "privateIG"
            }
          },
          "sensitive_attributes": [],
          "private": "bnVsbA==",
          "dependencies": [
            "aws_eip.Nat_eip",
            "aws_internet_gateway.Project_gateway",
            "aws_subnet.PublicSubnet",
            "aws_vpc.Project"
          ]
        }
      ]
    },
    {
      "mode": "managed",
      "type": "aws_route",
      "name": "NatRoute",
      "provider": "provider[\"registry.terraform.io/hashicorp/aws\"]",
      "instances": [
        {
          "schema_version": 0,
          "attributes": {
            "carrier_gateway_id": "",
            "core_network_arn": "",
            "destination_cidr_block": "0.0.0.0/0",
            "destination_ipv6_cidr_block": "",
            "destination_prefix_list_id": "",
            "egress_only_gateway_id": "",
            "gateway_id": "",
            "id": "r-rtb-0793b63438cc8869f1080289494",
            "instance_id": "",
            "instance_owner_id": "",
            "local_gateway_id": "",
            "nat_gateway_id": "nat-014f51c5db4eac278",
            "network_interface_id": "",
            "origin": "CreateRoute",
            "route_table_id": "rtb-0793b63438cc8869f",
            "state": "active",
            "timeouts": null,
            "transit_gateway_id": "",
            "vpc_endpoint_id": "",
            "vpc_peering_connection_id": ""
          },
          "sensitive_attributes": [],
          "private": "eyJlMmJmYjczMC1lY2FhLTExZTYtOGY4OC0zNDM2M2JjN2M0YzAiOnsiY3JlYXRlIjozMDAwMDAwMDAwMDAsImRlbGV0ZSI6MzAwMDAwMDAwMDAwLCJ1cGRhdGUiOjEyMDAwMDAwMDAwMH19",
          "dependencies": [
            "aws_eip.Nat_eip",
            "aws_internet_gateway.Project_gateway",
            "aws_nat_gateway.privateIG",
            "aws_subnet.PublicSubnet",
            "aws_vpc.Project"
          ]
        }
      ]
    },
    {
      "mode": "managed",
      "type": "aws_route_table",
      "name": "public_route",
      "provider": "provider[\"registry.terraform.io/hashicorp/aws\"]",
      "instances": [
        {
          "schema_version": 0,
          "attributes": {
            "arn": "arn:aws:ec2:ap-south-1:690932370148:route-table/rtb-0e06216d6aef2cf44",
            "id": "rtb-0e06216d6aef2cf44",
            "owner_id": "690932370148",
            "propagating_vgws": [],
            "route": [
              {
                "carrier_gateway_id": "",
                "cidr_block": "0.0.0.0/0",
                "core_network_arn": "",
                "destination_prefix_list_id": "",
                "egress_only_gateway_id": "",
                "gateway_id": "igw-0afd7ec5bb7f218c7",
                "instance_id": "",
                "ipv6_cidr_block": "",
                "local_gateway_id": "",
                "nat_gateway_id": "",
                "network_interface_id": "",
                "transit_gateway_id": "",
                "vpc_endpoint_id": "",
                "vpc_peering_connection_id": ""
              }
            ],
            "tags": {
              "Name": "PublicRouteTable"
            },
            "tags_all": {
              "Name": "PublicRouteTable"
            },
            "timeouts": null,
            "vpc_id": "vpc-00611c3747bc54522"
          },
          "sensitive_attributes": [],
          "private": "eyJlMmJmYjczMC1lY2FhLTExZTYtOGY4OC0zNDM2M2JjN2M0YzAiOnsiY3JlYXRlIjozMDAwMDAwMDAwMDAsImRlbGV0ZSI6MzAwMDAwMDAwMDAwLCJ1cGRhdGUiOjEyMDAwMDAwMDAwMH19",
          "dependencies": [
            "aws_internet_gateway.Project_gateway",
            "aws_vpc.Project"
          ]
        }
      ]
    },
    {
      "mode": "managed",
      "type": "aws_route_table_association",
      "name": "private_route1",
      "provider": "provider[\"registry.terraform.io/hashicorp/aws\"]",
      "instances": [
        {
          "schema_version": 0,
          "attributes": {
            "gateway_id": "",
            "id": "rtbassoc-071ee59b7beb5be31",
            "route_table_id": "rtb-0793b63438cc8869f",
            "subnet_id": "subnet-0ce94d13209953d68"
          },
          "sensitive_attributes": [],
          "private": "bnVsbA==",
          "dependencies": [
            "aws_subnet.PrivateSubnet",
            "aws_vpc.Project"
          ]
        }
      ]
    },
    {
      "mode": "managed",
      "type": "aws_route_table_association",
      "name": "publictable1",
      "provider": "provider[\"registry.terraform.io/hashicorp/aws\"]",
      "instances": [
        {
          "schema_version": 0,
          "attributes": {
            "gateway_id": "",
            "id": "rtbassoc-01aec32fa4bed3951",
            "route_table_id": "rtb-0e06216d6aef2cf44",
            "subnet_id": "subnet-098cfc439c2264c30"
          },
          "sensitive_attributes": [],
          "private": "bnVsbA==",
          "dependencies": [
            "aws_internet_gateway.Project_gateway",
            "aws_route_table.public_route",
            "aws_subnet.PublicSubnet",
            "aws_vpc.Project"
          ]
        }
      ]
    },
    {
      "mode": "managed",
      "type": "aws_security_group",
      "name": "projectSGPrivate",
      "provider": "provider[\"registry.terraform.io/hashicorp/aws\"]",
      "instances": [
        {
          "schema_version": 1,
          "attributes": {
            "arn": "arn:aws:ec2:ap-south-1:690932370148:security-group/sg-0387937c986d4618a",
            "description": "private_rule",
            "egress": [
              {
                "cidr_blocks": [
                  "0.0.0.0/0"
                ],
                "description": "All_traffic",
                "from_port": 0,
                "ipv6_cidr_blocks": [],
                "prefix_list_ids": [],
                "protocol": "-1",
                "security_groups": [],
                "self": false,
                "to_port": 0
              }
            ],
            "id": "sg-0387937c986d4618a",
            "ingress": [
              {
                "cidr_blocks": [
                  "120.0.0.0/16"
                ],
                "description": "http",
                "from_port": 80,
                "ipv6_cidr_blocks": [],
                "prefix_list_ids": [],
                "protocol": "tcp",
                "security_groups": [],
                "self": false,
                "to_port": 80
              },
              {
                "cidr_blocks": [
                  "120.0.0.0/16"
                ],
                "description": "https",
                "from_port": 443,
                "ipv6_cidr_blocks": [],
                "prefix_list_ids": [],
                "protocol": "tcp",
                "security_groups": [],
                "self": false,
                "to_port": 443
              },
              {
                "cidr_blocks": [
                  "120.0.0.0/16"
                ],
                "description": "ssh",
                "from_port": 22,
                "ipv6_cidr_blocks": [],
                "prefix_list_ids": [],
                "protocol": "tcp",
                "security_groups": [],
                "self": false,
                "to_port": 22
              },
              {
                "cidr_blocks": [
                  "120.0.0.0/16"
                ],
                "description": "tomcat",
                "from_port": 8080,
                "ipv6_cidr_blocks": [],
                "prefix_list_ids": [],
                "protocol": "tcp",
                "security_groups": [],
                "self": false,
                "to_port": 8080
              }
            ],
            "name": "private_SG",
            "name_prefix": "",
            "owner_id": "690932370148",
            "revoke_rules_on_delete": false,
            "tags": {},
            "tags_all": {},
            "timeouts": null,
            "vpc_id": "vpc-00611c3747bc54522"
          },
          "sensitive_attributes": [],
          "private": "eyJlMmJmYjczMC1lY2FhLTExZTYtOGY4OC0zNDM2M2JjN2M0YzAiOnsiY3JlYXRlIjo2MDAwMDAwMDAwMDAsImRlbGV0ZSI6OTAwMDAwMDAwMDAwfSwic2NoZW1hX3ZlcnNpb24iOiIxIn0=",
          "dependencies": [
            "aws_vpc.Project"
          ]
        }
      ]
    },
    {
      "mode": "managed",
      "type": "aws_subnet",
      "name": "PrivateSubnet",
      "provider": "provider[\"registry.terraform.io/hashicorp/aws\"]",
      "instances": [
        {
          "schema_version": 1,
          "attributes": {
            "arn": "arn:aws:ec2:ap-south-1:690932370148:subnet/subnet-0ce94d13209953d68",
            "assign_ipv6_address_on_creation": false,
            "availability_zone": "ap-south-1a",
            "availability_zone_id": "aps1-az1",
            "cidr_block": "120.0.1.0/24",
            "customer_owned_ipv4_pool": "",
            "enable_dns64": false,
            "enable_resource_name_dns_a_record_on_launch": false,
            "enable_resource_name_dns_aaaa_record_on_launch": false,
            "id": "subnet-0ce94d13209953d68",
            "ipv6_cidr_block": "",
            "ipv6_cidr_block_association_id": "",
            "ipv6_native": false,
            "map_customer_owned_ip_on_launch": false,
            "map_public_ip_on_launch": false,
            "outpost_arn": "",
            "owner_id": "690932370148",
            "private_dns_hostname_type_on_launch": "ip-name",
            "tags": {
              "Name": "PrivateSubnet"
            },
            "tags_all": {
              "Name": "PrivateSubnet"
            },
            "timeouts": null,
            "vpc_id": "vpc-00611c3747bc54522"
          },
          "sensitive_attributes": [],
          "private": "eyJlMmJmYjczMC1lY2FhLTExZTYtOGY4OC0zNDM2M2JjN2M0YzAiOnsiY3JlYXRlIjo2MDAwMDAwMDAwMDAsImRlbGV0ZSI6MTIwMDAwMDAwMDAwMH0sInNjaGVtYV92ZXJzaW9uIjoiMSJ9",
          "dependencies": [
            "aws_vpc.Project"
          ]
        }
      ]
    },
    {
      "mode": "managed",
      "type": "aws_subnet",
      "name": "PublicSubnet",
      "provider": "provider[\"registry.terraform.io/hashicorp/aws\"]",
      "instances": [
        {
          "schema_version": 1,
          "attributes": {
            "arn": "arn:aws:ec2:ap-south-1:690932370148:subnet/subnet-098cfc439c2264c30",
            "assign_ipv6_address_on_creation": false,
            "availability_zone": "ap-south-1a",
            "availability_zone_id": "aps1-az1",
            "cidr_block": "120.0.0.0/24",
            "customer_owned_ipv4_pool": "",
            "enable_dns64": false,
            "enable_resource_name_dns_a_record_on_launch": false,
            "enable_resource_name_dns_aaaa_record_on_launch": false,
            "id": "subnet-098cfc439c2264c30",
            "ipv6_cidr_block": "",
            "ipv6_cidr_block_association_id": "",
            "ipv6_native": false,
            "map_customer_owned_ip_on_launch": false,
            "map_public_ip_on_launch": true,
            "outpost_arn": "",
            "owner_id": "690932370148",
            "private_dns_hostname_type_on_launch": "ip-name",
            "tags": {
              "Name": "PublicSubnet"
            },
            "tags_all": {
              "Name": "PublicSubnet"
            },
            "timeouts": null,
            "vpc_id": "vpc-00611c3747bc54522"
          },
          "sensitive_attributes": [],
          "private": "eyJlMmJmYjczMC1lY2FhLTExZTYtOGY4OC0zNDM2M2JjN2M0YzAiOnsiY3JlYXRlIjo2MDAwMDAwMDAwMDAsImRlbGV0ZSI6MTIwMDAwMDAwMDAwMH0sInNjaGVtYV92ZXJzaW9uIjoiMSJ9",
          "dependencies": [
            "aws_vpc.Project"
          ]
        }
      ]
    },
    {
      "mode": "managed",
      "type": "aws_vpc",
      "name": "Project",
      "provider": "provider[\"registry.terraform.io/hashicorp/aws\"]",
      "instances": [
        {
          "schema_version": 1,
          "attributes": {
            "arn": "arn:aws:ec2:ap-south-1:690932370148:vpc/vpc-00611c3747bc54522",
            "assign_generated_ipv6_cidr_block": false,
            "cidr_block": "120.0.0.0/16",
            "default_network_acl_id": "acl-09f11013b7eb9a254",
            "default_route_table_id": "rtb-0793b63438cc8869f",
            "default_security_group_id": "sg-04bbddd24dc27d6d5",
            "dhcp_options_id": "dopt-01fca598935f0adc7",
            "enable_classiclink": false,
            "enable_classiclink_dns_support": false,
            "enable_dns_hostnames": false,
            "enable_dns_support": true,
            "enable_network_address_usage_metrics": false,
            "id": "vpc-00611c3747bc54522",
            "instance_tenancy": "default",
            "ipv4_ipam_pool_id": null,
            "ipv4_netmask_length": null,
            "ipv6_association_id": "",
            "ipv6_cidr_block": "",
            "ipv6_cidr_block_network_border_group": "",
            "ipv6_ipam_pool_id": "",
            "ipv6_netmask_length": 0,
            "main_route_table_id": "rtb-0793b63438cc8869f",
            "owner_id": "690932370148",
            "tags": {
              "Name": "Project"
            },
            "tags_all": {
              "Name": "Project"
            }
          },
          "sensitive_attributes": [],
          "private": "eyJzY2hlbWFfdmVyc2lvbiI6IjEifQ=="
        }
      ]
    },
    {
      "mode": "managed",
      "type": "local_file",
      "name": "keystrorage",
      "provider": "provider[\"registry.terraform.io/hashicorp/local\"]",
      "instances": [
        {
          "schema_version": 0,
          "attributes": {
            "content": "-----BEGIN RSA PRIVATE KEY-----\nMIIJKAIBAAKCAgEAuzyQ7FnYFRZju3c6uePgz5c/Ftmck/ytjfZ0cbCwWQBNpUoQ\nrrLQM8PlWgUZXt4Jcdt4YWn0yOY8pHBO3QvD9t+dF++QiR+bTFkgLZ4OQrlMUCYW\nV9tA1upD6H7hq37yJpJ5qhcARnT3pFiobJ7ZSfUcvUNjxjFEUdVFHTvbqFlR+dDW\nEF+la0D6jdyYz6YNmM1poVOL6eiphd0DhCPdfpgpP/WPq/kVToMOlhkmr8FAUgxE\nh/xFvp7mez1YVVH19wdLIaH9gjZEVPXlMf4y2g6DGOVbiNbpnlV34NvlzSK43v9b\nE6DCHDOjg1YszxBCEFKA8LIKC/GNAphEV3N/rJm+d8orUCiBRD25wzKma41lahYQ\nSkqOXT8Qks1KCyeiHQyo+oAkKzstmknznJRhgPk087vro0zv6doT1Rpgh1PQFden\ntAZ4yvmlGrsF/M54Ms4Ybv4gg5kMpzDdudVAqhJ/2P/uL9gevdZ+kimVk7DBYs4V\n2zochojzF1zGNgGXI41sTX1qQ89Gje+lfgDlxl8Qw2jbogyUTFMfViH+6oAz07lE\nl1cpOy2lJMYcywodMZLQQmhCKPVRehnDl1R5rrRZdrPGqK9wZKOIQuMRxwAF1Wv5\nxky1YDtefh3gDsvsgOwqul83nSH1K1GZh22bafwYsdl5NJZC2c2KGdkVcnkCAwEA\nAQKCAgEAiYOZGM1/ozU3eGbADejsoup9XoXittm8ieg5a4qOaj+Lx1rXV8dinLJC\nj1PxZziCDUpYZotQSgC3Bzqo4TYT7gwbr4m2SM+a2n8W4AoWhTDceH0QqeQRAgc6\natZNXgw1QtkPXDnabOTZQK4QvP4JroTEX8jPza8/cy7EvQzKbiFz0JttrMbikhw+\nKNScst1NXS14aBEZUGkdoIBLZdCFi8WrfhsXMwIUgP5GRz0fqbOwTtJNvuYsPy0r\nL9ZFOxygHpcPuhrkOq8qjo+ujoIYzQgdhrpk+OKG4E/7ZH18kKXwy28WcBsAlX/j\nlsFC1a0mKCDALIdGU7FLlF1KzEO6v0E/oNMaKrH5i5vJXkliLRSgoVVBL1li6Zks\nY4dEW4yg3Dswk7IXh6MUm53Aq/tUnJgsaOlJvmIC/2SlIYFKx8AZRylwfxtIhdpx\niOrUmZHuq1wJjnFFl3iuosxJnzxcFW4a685IDP9s2O2r0Jc+JbEZ0KrGyiYWkcdg\nP8G46bZjTd114XgzQN8z9x7k/vfIp3jzd6byF23bk1xBAwJuxSD7iUytem3+Zjkn\nb6irGSBUqJ44RBnJkWbfggqVVqD3mVRN1NCFj7VFCvfyJc3s/HXoBwNjMFE5F5VY\nZxFAtv9gBYBTze8IoBe3Hluq+734aPwZsX/VZF5BcvBRa4mVBtECggEBAMWhJk0A\no9ogUIr6/epLH/107WlkTdywnxEO+OA+sRPV/FxPJWJfmaBWodTf8rs9bPJ0isZp\ncPKvjGoUgZQRbATlR6pMZDXqBJwiY+42g1RAtOIIwioXn53U2meJtFq46CkuHRi6\npvbI9UOWPG78PwEUOZrPeWnuxzKaXcHUSpQhOMh9w5jajim6WVhvJEMhHetHnm7z\nmyNdw2wYpE093WWZrWfL1i+dqwgCiYOUudjjq5Rv5kFg3+Ky3lDEtVmMcnzhrYPd\niSlSujJBDLRGPpxFXCm2YjQO9b3RBiYcbmD8cHn9NXrY7VObm4EolCLjv4mhDwh3\nlMu08Lj4RmUcYJUCggEBAPKJmsPBUW0y3legi27/w9UtrXve9iqIB0nnASrEazFR\nl+I4Fit3pFw7tNRXi88LBy2DdVu3xymwzEdoixM7/c0kr6/qAb6CJHkC0Nv121DD\nKXg9FS4WyhbEicBSU8ossY5DVkeV7rvvf+tIYG9XmpvG30zyA3pX5z+Se/k4CEo9\no8BVIn5ZnR1ojvhnWfyzKJGYxh9FVvuT/0+u+p0bV44Que3vcvU8yyNQEXRaIwit\nRxHq5ElQevbR2ons+q2ZMcrw6+6Bf+yiFkF9bkW2yGpdlzt0UX62NTpJ1HBTx9FB\nvhoFPBN2i5hhhJvsb3MNiOfFS4JFOlB0z5xfbYA2nVUCggEABy1PAsTfLnC1/BYZ\nWoTX6JByfr1Rxo3zeN8eUqZ0L9A5lfCZ3vSx04zR27U2T25vom5xC7uQin+tjbyo\n6AOp9JOPArQ7f2m8OR9WmbQJGOowp3TB+F1bQpQUSmZJ0nGcnMI79EXzAktR/N5b\n23v1nchqPyEBu8McIM5SUVOwUajTMxS+IbLuLr3BuOBwZK+zMnQrYMQgAizJiAdt\nEBELFUF7dqWEZb5IE8Zj0A96oFHETWOy7PTjrIvqXuyF2XasQbTAZGWLMaD7eg+6\nsmFKrMooCqvA7TsN2ZLZslCeAY+pVgTICGoQVFT2VL5wgsPalNjwftI46RztEQqT\nI+Df8QKCAQBCD/8q0O5X+yIa5iz0mBAEcgOuGOYeYZzyoUxtFMFJ1rqzMKnBPz5y\nrQStTgdT5uIWoJcH24AROAn8bVpsa8vO4+5C0U+WT6aVm5G+SDJrxiz2hlTNkAGN\nwAzxaLtP92qJoIfQyeMUJ8FFGhrCWS9QvRO3xrfxzB298C16jaucZTvEOKxDlC86\ngm9m8+fL8BTdy6ozfFScBAzn7HZw8rCfjqjGSZGbgOqn/Lg0ZBTk2SXhmISD/7ru\nneyT4wvI21B3wbXR6k4o62F6hyrRLF9csY9u71j/Vawb615FFlz3/5tDRSe++Ww+\nnllbi0Q0J3yh/Nh7bFXc8mRWaJvP75BdAoIBAGMC0l3TjVGI0Bwgdxpi5OY6swQA\n7QW+BXEcOlYbz80XKIV7DCw4hpQ9dTw0Gx6MPiQ3FbWAv4hWXXS6kL/kHr4I8HLB\nZYVv7VopjHUrAXhJRDvjiV6xhPzV1EPDhPuxQ/vZrYl+VPG4GIo5jMFtWo/kz2ir\n9ufbK6ywISnkzOnXsS60vt6NMgAOaEUEpK0PIm7ZYOVgGSJGsm34JLD5S4CXlZ2b\n9oAQaEap++zus3EpBpjs8/ZOWSPvnJrBo6fan4yJRXrop6Ngbxd1dQcm/K/hUbY5\n6Bd9viFR/Hw83bYR8MPuCjvgM9sBTcdxH8++yiZs7EhB7bHFfP/6wpNPNW8=\n-----END RSA PRIVATE KEY-----\n",
            "content_base64": null,
            "content_base64sha256": "5RDEeOXUkBQsBH32eaO/aGhVNFX6L0YeWMFMWsqAicI=",
            "content_base64sha512": "4YHj72fr+cVGji9KDwUlNzG/8jeM2G27EYYnQpRpfvZP9cN4PEQLV5BDtUbwHiHRw332f4g6+SALG0DGLoyDGw==",
            "content_md5": "63c32ff2f70df8e5b6ac0caf9bdfd999",
            "content_sha1": "0cd11a5a4d605fe735b302056950bb331ca5af10",
            "content_sha256": "e510c478e5d490142c047df679a3bf6868553455fa2f461e58c14c5aca8089c2",
            "content_sha512": "e181e3ef67ebf9c5468e2f4a0f05253731bff2378cd86dbb1186274294697ef64ff5c3783c440b579043b546f01e21d1c37df67f883af9200b1b40c62e8c831b",
            "directory_permission": "0777",
            "file_permission": "0777",
            "filename": "projectKey.pem",
            "id": "0cd11a5a4d605fe735b302056950bb331ca5af10",
            "sensitive_content": null,
            "source": null
          },
          "sensitive_attributes": [
            [
              {
                "type": "get_attr",
                "value": "content"
              }
            ]
          ],
          "dependencies": [
            "tls_private_key.rsa"
          ]
        }
      ]
    },
    {
      "mode": "managed",
      "type": "tls_private_key",
      "name": "rsa",
      "provider": "provider[\"registry.terraform.io/hashicorp/tls\"]",
      "instances": [
        {
          "schema_version": 1,
          "attributes": {
            "algorithm": "RSA",
            "ecdsa_curve": "P224",
            "id": "9a1ebba1a61a8741d8cf9f8f038367d338bc19b3",
            "private_key_openssh": "-----BEGIN OPENSSH PRIVATE KEY-----\nb3BlbnNzaC1rZXktdjEAAAAABG5vbmUAAAAEbm9uZQAAAAAAAAABAAACFwAAAAdz\nc2gtcnNhAAAAAwEAAQAAAgEAuzyQ7FnYFRZju3c6uePgz5c/Ftmck/ytjfZ0cbCw\nWQBNpUoQrrLQM8PlWgUZXt4Jcdt4YWn0yOY8pHBO3QvD9t+dF++QiR+bTFkgLZ4O\nQrlMUCYWV9tA1upD6H7hq37yJpJ5qhcARnT3pFiobJ7ZSfUcvUNjxjFEUdVFHTvb\nqFlR+dDWEF+la0D6jdyYz6YNmM1poVOL6eiphd0DhCPdfpgpP/WPq/kVToMOlhkm\nr8FAUgxEh/xFvp7mez1YVVH19wdLIaH9gjZEVPXlMf4y2g6DGOVbiNbpnlV34Nvl\nzSK43v9bE6DCHDOjg1YszxBCEFKA8LIKC/GNAphEV3N/rJm+d8orUCiBRD25wzKm\na41lahYQSkqOXT8Qks1KCyeiHQyo+oAkKzstmknznJRhgPk087vro0zv6doT1Rpg\nh1PQFdentAZ4yvmlGrsF/M54Ms4Ybv4gg5kMpzDdudVAqhJ/2P/uL9gevdZ+kimV\nk7DBYs4V2zochojzF1zGNgGXI41sTX1qQ89Gje+lfgDlxl8Qw2jbogyUTFMfViH+\n6oAz07lEl1cpOy2lJMYcywodMZLQQmhCKPVRehnDl1R5rrRZdrPGqK9wZKOIQuMR\nxwAF1Wv5xky1YDtefh3gDsvsgOwqul83nSH1K1GZh22bafwYsdl5NJZC2c2KGdkV\ncnkAAAc4KjckPCo3JDwAAAAHc3NoLXJzYQAAAgEAuzyQ7FnYFRZju3c6uePgz5c/\nFtmck/ytjfZ0cbCwWQBNpUoQrrLQM8PlWgUZXt4Jcdt4YWn0yOY8pHBO3QvD9t+d\nF++QiR+bTFkgLZ4OQrlMUCYWV9tA1upD6H7hq37yJpJ5qhcARnT3pFiobJ7ZSfUc\nvUNjxjFEUdVFHTvbqFlR+dDWEF+la0D6jdyYz6YNmM1poVOL6eiphd0DhCPdfpgp\nP/WPq/kVToMOlhkmr8FAUgxEh/xFvp7mez1YVVH19wdLIaH9gjZEVPXlMf4y2g6D\nGOVbiNbpnlV34NvlzSK43v9bE6DCHDOjg1YszxBCEFKA8LIKC/GNAphEV3N/rJm+\nd8orUCiBRD25wzKma41lahYQSkqOXT8Qks1KCyeiHQyo+oAkKzstmknznJRhgPk0\n87vro0zv6doT1Rpgh1PQFdentAZ4yvmlGrsF/M54Ms4Ybv4gg5kMpzDdudVAqhJ/\n2P/uL9gevdZ+kimVk7DBYs4V2zochojzF1zGNgGXI41sTX1qQ89Gje+lfgDlxl8Q\nw2jbogyUTFMfViH+6oAz07lEl1cpOy2lJMYcywodMZLQQmhCKPVRehnDl1R5rrRZ\ndrPGqK9wZKOIQuMRxwAF1Wv5xky1YDtefh3gDsvsgOwqul83nSH1K1GZh22bafwY\nsdl5NJZC2c2KGdkVcnkAAAADAQABAAACAQCJg5kYzX+jNTd4ZsAN6Oyi6n1eheK2\n2byJ6Dlrio5qP4vHWtdXx2KcskKPU/FnOIINSlhmi1BKALcHOqjhNhPuDBuvibZI\nz5rafxbgChaFMNx4fRCp5BECBzpq1k1eDDVC2Q9cOdps5NlArhC8/gmuhMRfyM/N\nrz9zLsS9DMpuIXPQm22sxuKSHD4o1Jyy3U1dLXhoERlQaR2ggEtl0IWLxat+Gxcz\nAhSA/kZHPR+ps7BO0k2+5iw/LSsv1kU7HKAelw+6GuQ6ryqOj66OghjNCB2GumT4\n4obgT/tkfXyQpfDLbxZwGwCVf+OWwULVrSYoIMAsh0ZTsUuUXUrMQ7q/QT+g0xoq\nsfmLm8leSWItFKChVUEvWWLpmSxjh0RbjKDcOzCTsheHoxSbncCr+1ScmCxo6Um+\nYgL/ZKUhgUrHwBlHKXB/G0iF2nGI6tSZke6rXAmOcUWXeK6izEmfPFwVbhrrzkgM\n/2zY7avQlz4lsRnQqsbKJhaRx2A/wbjptmNN3XXheDNA3zP3HuT+98inePN3pvIX\nbduTXEEDAm7FIPuJTK16bf5mOSdvqKsZIFSonjhEGcmRZt+CCpVWoPeZVE3U0IWP\ntUUK9/Ilzez8degHA2MwUTkXlVhnEUC2/2AFgFPN7wigF7ceW6r7vfho/Bmxf9Vk\nXkFy8FFriZUG0QAAAQBjAtJd041RiNAcIHcaYuTmOrMEAO0FvgVxHDpWG8/NFyiF\newwsOIaUPXU8NBsejD4kNxW1gL+IVl10upC/5B6+CPBywWWFb+1aKYx1KwF4SUQ7\n44lesYT81dRDw4T7sUP72a2JflTxuBiKOYzBbVqP5M9oq/bn2yussCEp5Mzp17Eu\ntL7ejTIADmhFBKStDyJu2WDlYBkiRrJt+CSw+UuAl5Wdm/aAEGhGqfvs7rNxKQaY\n7PP2Tlkj75yawaOn2p+MiUV66KejYG8XdXUHJvyv4VG2OegXfb4hUfx8PN22EfDD\n7go74DPbAU3HcR/PvsombOxIQe2xxXz/+sKTTzVvAAABAQDFoSZNAKPaIFCK+v3q\nSx/9dO1pZE3csJ8RDvjgPrET1fxcTyViX5mgVqHU3/K7PWzydIrGaXDyr4xqFIGU\nEWwE5UeqTGQ16gScImPuNoNUQLTiCMIqF5+d1NpnibRauOgpLh0Yuqb2yPVDljxu\n/D8BFDmaz3lp7scyml3B1EqUITjIfcOY2o4pullYbyRDIR3rR55u85sjXcNsGKRN\nPd1lma1ny9YvnasIAomDlLnY46uUb+ZBYN/ist5QxLVZjHJ84a2D3YkpUroyQQy0\nRj6cRVwptmI0DvW90QYmHG5g/HB5/TV62O1Tm5uBKJQi47+JoQ8Id5TLtPC4+EZl\nHGCVAAABAQDyiZrDwVFtMt5XoItu/8PVLa173vYqiAdJ5wEqxGsxUZfiOBYrd6Rc\nO7TUV4vPCwctg3Vbt8cpsMxHaIsTO/3NJK+v6gG+giR5AtDb9dtQwyl4PRUuFsoW\nxInAUlPKLLGOQ1ZHle6773/rSGBvV5qbxt9M8gN6V+c/knv5OAhKPaPAVSJ+WZ0d\naI74Z1n8syiRmMYfRVb7k/9PrvqdG1eOELnt73L1PMsjUBF0WiMIrUcR6uRJUHr2\n0dqJ7PqtmTHK8OvugX/sohZBfW5FtshqXZc7dFF+tjU6SdRwU8fRQb4aBTwTdouY\nYYSb7G9zDYjnxUuCRTpQdM+cX22ANp1VAAAAAAEC\n-----END OPENSSH PRIVATE KEY-----\n",
            "private_key_pem": "-----BEGIN RSA PRIVATE KEY-----\nMIIJKAIBAAKCAgEAuzyQ7FnYFRZju3c6uePgz5c/Ftmck/ytjfZ0cbCwWQBNpUoQ\nrrLQM8PlWgUZXt4Jcdt4YWn0yOY8pHBO3QvD9t+dF++QiR+bTFkgLZ4OQrlMUCYW\nV9tA1upD6H7hq37yJpJ5qhcARnT3pFiobJ7ZSfUcvUNjxjFEUdVFHTvbqFlR+dDW\nEF+la0D6jdyYz6YNmM1poVOL6eiphd0DhCPdfpgpP/WPq/kVToMOlhkmr8FAUgxE\nh/xFvp7mez1YVVH19wdLIaH9gjZEVPXlMf4y2g6DGOVbiNbpnlV34NvlzSK43v9b\nE6DCHDOjg1YszxBCEFKA8LIKC/GNAphEV3N/rJm+d8orUCiBRD25wzKma41lahYQ\nSkqOXT8Qks1KCyeiHQyo+oAkKzstmknznJRhgPk087vro0zv6doT1Rpgh1PQFden\ntAZ4yvmlGrsF/M54Ms4Ybv4gg5kMpzDdudVAqhJ/2P/uL9gevdZ+kimVk7DBYs4V\n2zochojzF1zGNgGXI41sTX1qQ89Gje+lfgDlxl8Qw2jbogyUTFMfViH+6oAz07lE\nl1cpOy2lJMYcywodMZLQQmhCKPVRehnDl1R5rrRZdrPGqK9wZKOIQuMRxwAF1Wv5\nxky1YDtefh3gDsvsgOwqul83nSH1K1GZh22bafwYsdl5NJZC2c2KGdkVcnkCAwEA\nAQKCAgEAiYOZGM1/ozU3eGbADejsoup9XoXittm8ieg5a4qOaj+Lx1rXV8dinLJC\nj1PxZziCDUpYZotQSgC3Bzqo4TYT7gwbr4m2SM+a2n8W4AoWhTDceH0QqeQRAgc6\natZNXgw1QtkPXDnabOTZQK4QvP4JroTEX8jPza8/cy7EvQzKbiFz0JttrMbikhw+\nKNScst1NXS14aBEZUGkdoIBLZdCFi8WrfhsXMwIUgP5GRz0fqbOwTtJNvuYsPy0r\nL9ZFOxygHpcPuhrkOq8qjo+ujoIYzQgdhrpk+OKG4E/7ZH18kKXwy28WcBsAlX/j\nlsFC1a0mKCDALIdGU7FLlF1KzEO6v0E/oNMaKrH5i5vJXkliLRSgoVVBL1li6Zks\nY4dEW4yg3Dswk7IXh6MUm53Aq/tUnJgsaOlJvmIC/2SlIYFKx8AZRylwfxtIhdpx\niOrUmZHuq1wJjnFFl3iuosxJnzxcFW4a685IDP9s2O2r0Jc+JbEZ0KrGyiYWkcdg\nP8G46bZjTd114XgzQN8z9x7k/vfIp3jzd6byF23bk1xBAwJuxSD7iUytem3+Zjkn\nb6irGSBUqJ44RBnJkWbfggqVVqD3mVRN1NCFj7VFCvfyJc3s/HXoBwNjMFE5F5VY\nZxFAtv9gBYBTze8IoBe3Hluq+734aPwZsX/VZF5BcvBRa4mVBtECggEBAMWhJk0A\no9ogUIr6/epLH/107WlkTdywnxEO+OA+sRPV/FxPJWJfmaBWodTf8rs9bPJ0isZp\ncPKvjGoUgZQRbATlR6pMZDXqBJwiY+42g1RAtOIIwioXn53U2meJtFq46CkuHRi6\npvbI9UOWPG78PwEUOZrPeWnuxzKaXcHUSpQhOMh9w5jajim6WVhvJEMhHetHnm7z\nmyNdw2wYpE093WWZrWfL1i+dqwgCiYOUudjjq5Rv5kFg3+Ky3lDEtVmMcnzhrYPd\niSlSujJBDLRGPpxFXCm2YjQO9b3RBiYcbmD8cHn9NXrY7VObm4EolCLjv4mhDwh3\nlMu08Lj4RmUcYJUCggEBAPKJmsPBUW0y3legi27/w9UtrXve9iqIB0nnASrEazFR\nl+I4Fit3pFw7tNRXi88LBy2DdVu3xymwzEdoixM7/c0kr6/qAb6CJHkC0Nv121DD\nKXg9FS4WyhbEicBSU8ossY5DVkeV7rvvf+tIYG9XmpvG30zyA3pX5z+Se/k4CEo9\no8BVIn5ZnR1ojvhnWfyzKJGYxh9FVvuT/0+u+p0bV44Que3vcvU8yyNQEXRaIwit\nRxHq5ElQevbR2ons+q2ZMcrw6+6Bf+yiFkF9bkW2yGpdlzt0UX62NTpJ1HBTx9FB\nvhoFPBN2i5hhhJvsb3MNiOfFS4JFOlB0z5xfbYA2nVUCggEABy1PAsTfLnC1/BYZ\nWoTX6JByfr1Rxo3zeN8eUqZ0L9A5lfCZ3vSx04zR27U2T25vom5xC7uQin+tjbyo\n6AOp9JOPArQ7f2m8OR9WmbQJGOowp3TB+F1bQpQUSmZJ0nGcnMI79EXzAktR/N5b\n23v1nchqPyEBu8McIM5SUVOwUajTMxS+IbLuLr3BuOBwZK+zMnQrYMQgAizJiAdt\nEBELFUF7dqWEZb5IE8Zj0A96oFHETWOy7PTjrIvqXuyF2XasQbTAZGWLMaD7eg+6\nsmFKrMooCqvA7TsN2ZLZslCeAY+pVgTICGoQVFT2VL5wgsPalNjwftI46RztEQqT\nI+Df8QKCAQBCD/8q0O5X+yIa5iz0mBAEcgOuGOYeYZzyoUxtFMFJ1rqzMKnBPz5y\nrQStTgdT5uIWoJcH24AROAn8bVpsa8vO4+5C0U+WT6aVm5G+SDJrxiz2hlTNkAGN\nwAzxaLtP92qJoIfQyeMUJ8FFGhrCWS9QvRO3xrfxzB298C16jaucZTvEOKxDlC86\ngm9m8+fL8BTdy6ozfFScBAzn7HZw8rCfjqjGSZGbgOqn/Lg0ZBTk2SXhmISD/7ru\nneyT4wvI21B3wbXR6k4o62F6hyrRLF9csY9u71j/Vawb615FFlz3/5tDRSe++Ww+\nnllbi0Q0J3yh/Nh7bFXc8mRWaJvP75BdAoIBAGMC0l3TjVGI0Bwgdxpi5OY6swQA\n7QW+BXEcOlYbz80XKIV7DCw4hpQ9dTw0Gx6MPiQ3FbWAv4hWXXS6kL/kHr4I8HLB\nZYVv7VopjHUrAXhJRDvjiV6xhPzV1EPDhPuxQ/vZrYl+VPG4GIo5jMFtWo/kz2ir\n9ufbK6ywISnkzOnXsS60vt6NMgAOaEUEpK0PIm7ZYOVgGSJGsm34JLD5S4CXlZ2b\n9oAQaEap++zus3EpBpjs8/ZOWSPvnJrBo6fan4yJRXrop6Ngbxd1dQcm/K/hUbY5\n6Bd9viFR/Hw83bYR8MPuCjvgM9sBTcdxH8++yiZs7EhB7bHFfP/6wpNPNW8=\n-----END RSA PRIVATE KEY-----\n",
            "private_key_pem_pkcs8": "-----BEGIN PRIVATE KEY-----\nMIIJQgIBADANBgkqhkiG9w0BAQEFAASCCSwwggkoAgEAAoICAQC7PJDsWdgVFmO7\ndzq54+DPlz8W2ZyT/K2N9nRxsLBZAE2lShCustAzw+VaBRle3glx23hhafTI5jyk\ncE7dC8P2350X75CJH5tMWSAtng5CuUxQJhZX20DW6kPofuGrfvImknmqFwBGdPek\nWKhsntlJ9Ry9Q2PGMURR1UUdO9uoWVH50NYQX6VrQPqN3JjPpg2YzWmhU4vp6KmF\n3QOEI91+mCk/9Y+r+RVOgw6WGSavwUBSDESH/EW+nuZ7PVhVUfX3B0shof2CNkRU\n9eUx/jLaDoMY5VuI1umeVXfg2+XNIrje/1sToMIcM6ODVizPEEIQUoDwsgoL8Y0C\nmERXc3+smb53yitQKIFEPbnDMqZrjWVqFhBKSo5dPxCSzUoLJ6IdDKj6gCQrOy2a\nSfOclGGA+TTzu+ujTO/p2hPVGmCHU9AV16e0BnjK+aUauwX8zngyzhhu/iCDmQyn\nMN251UCqEn/Y/+4v2B691n6SKZWTsMFizhXbOhyGiPMXXMY2AZcjjWxNfWpDz0aN\n76V+AOXGXxDDaNuiDJRMUx9WIf7qgDPTuUSXVyk7LaUkxhzLCh0xktBCaEIo9VF6\nGcOXVHmutFl2s8aor3Bko4hC4xHHAAXVa/nGTLVgO15+HeAOy+yA7Cq6XzedIfUr\nUZmHbZtp/Bix2Xk0lkLZzYoZ2RVyeQIDAQABAoICAQCJg5kYzX+jNTd4ZsAN6Oyi\n6n1eheK22byJ6Dlrio5qP4vHWtdXx2KcskKPU/FnOIINSlhmi1BKALcHOqjhNhPu\nDBuvibZIz5rafxbgChaFMNx4fRCp5BECBzpq1k1eDDVC2Q9cOdps5NlArhC8/gmu\nhMRfyM/Nrz9zLsS9DMpuIXPQm22sxuKSHD4o1Jyy3U1dLXhoERlQaR2ggEtl0IWL\nxat+GxczAhSA/kZHPR+ps7BO0k2+5iw/LSsv1kU7HKAelw+6GuQ6ryqOj66OghjN\nCB2GumT44obgT/tkfXyQpfDLbxZwGwCVf+OWwULVrSYoIMAsh0ZTsUuUXUrMQ7q/\nQT+g0xoqsfmLm8leSWItFKChVUEvWWLpmSxjh0RbjKDcOzCTsheHoxSbncCr+1Sc\nmCxo6Um+YgL/ZKUhgUrHwBlHKXB/G0iF2nGI6tSZke6rXAmOcUWXeK6izEmfPFwV\nbhrrzkgM/2zY7avQlz4lsRnQqsbKJhaRx2A/wbjptmNN3XXheDNA3zP3HuT+98in\nePN3pvIXbduTXEEDAm7FIPuJTK16bf5mOSdvqKsZIFSonjhEGcmRZt+CCpVWoPeZ\nVE3U0IWPtUUK9/Ilzez8degHA2MwUTkXlVhnEUC2/2AFgFPN7wigF7ceW6r7vfho\n/Bmxf9VkXkFy8FFriZUG0QKCAQEAxaEmTQCj2iBQivr96ksf/XTtaWRN3LCfEQ74\n4D6xE9X8XE8lYl+ZoFah1N/yuz1s8nSKxmlw8q+MahSBlBFsBOVHqkxkNeoEnCJj\n7jaDVEC04gjCKhefndTaZ4m0WrjoKS4dGLqm9sj1Q5Y8bvw/ARQ5ms95ae7HMppd\nwdRKlCE4yH3DmNqOKbpZWG8kQyEd60eebvObI13DbBikTT3dZZmtZ8vWL52rCAKJ\ng5S52OOrlG/mQWDf4rLeUMS1WYxyfOGtg92JKVK6MkEMtEY+nEVcKbZiNA71vdEG\nJhxuYPxwef01etjtU5ubgSiUIuO/iaEPCHeUy7TwuPhGZRxglQKCAQEA8omaw8FR\nbTLeV6CLbv/D1S2te972KogHSecBKsRrMVGX4jgWK3ekXDu01FeLzwsHLYN1W7fH\nKbDMR2iLEzv9zSSvr+oBvoIkeQLQ2/XbUMMpeD0VLhbKFsSJwFJTyiyxjkNWR5Xu\nu+9/60hgb1eam8bfTPIDelfnP5J7+TgISj2jwFUiflmdHWiO+GdZ/LMokZjGH0VW\n+5P/T676nRtXjhC57e9y9TzLI1ARdFojCK1HEerkSVB69tHaiez6rZkxyvDr7oF/\n7KIWQX1uRbbIal2XO3RRfrY1OknUcFPH0UG+GgU8E3aLmGGEm+xvcw2I58VLgkU6\nUHTPnF9tgDadVQKCAQAHLU8CxN8ucLX8FhlahNfokHJ+vVHGjfN43x5SpnQv0DmV\n8Jne9LHTjNHbtTZPbm+ibnELu5CKf62NvKjoA6n0k48CtDt/abw5H1aZtAkY6jCn\ndMH4XVtClBRKZknScZycwjv0RfMCS1H83lvbe/WdyGo/IQG7wxwgzlJRU7BRqNMz\nFL4hsu4uvcG44HBkr7MydCtgxCACLMmIB20QEQsVQXt2pYRlvkgTxmPQD3qgUcRN\nY7Ls9OOsi+pe7IXZdqxBtMBkZYsxoPt6D7qyYUqsyigKq8DtOw3ZktmyUJ4Bj6lW\nBMgIahBUVPZUvnCCw9qU2PB+0jjpHO0RCpMj4N/xAoIBAEIP/yrQ7lf7IhrmLPSY\nEARyA64Y5h5hnPKhTG0UwUnWurMwqcE/PnKtBK1OB1Pm4haglwfbgBE4CfxtWmxr\ny87j7kLRT5ZPppWbkb5IMmvGLPaGVM2QAY3ADPFou0/3aomgh9DJ4xQnwUUaGsJZ\nL1C9E7fGt/HMHb3wLXqNq5xlO8Q4rEOULzqCb2bz58vwFN3LqjN8VJwEDOfsdnDy\nsJ+OqMZJkZuA6qf8uDRkFOTZJeGYhIP/uu6d7JPjC8jbUHfBtdHqTijrYXqHKtEs\nX1yxj27vWP9VrBvrXkUWXPf/m0NFJ775bD6eWVuLRDQnfKH82HtsVdzyZFZom8/v\nkF0CggEAYwLSXdONUYjQHCB3GmLk5jqzBADtBb4FcRw6VhvPzRcohXsMLDiGlD11\nPDQbHow+JDcVtYC/iFZddLqQv+QevgjwcsFlhW/tWimMdSsBeElEO+OJXrGE/NXU\nQ8OE+7FD+9mtiX5U8bgYijmMwW1aj+TPaKv259srrLAhKeTM6dexLrS+3o0yAA5o\nRQSkrQ8ibtlg5WAZIkaybfgksPlLgJeVnZv2gBBoRqn77O6zcSkGmOzz9k5ZI++c\nmsGjp9qfjIlFeuino2BvF3V1Byb8r+FRtjnoF32+IVH8fDzdthHww+4KO+Az2wFN\nx3Efz77KJmzsSEHtscV8//rCk081bw==\n-----END PRIVATE KEY-----\n",
            "public_key_fingerprint_md5": "d7:d4:df:50:a7:b1:53:6e:12:37:40:e8:9b:7c:6e:c3",
            "public_key_fingerprint_sha256": "SHA256:X2smYzT2uPBMMoWBiR22Y+0K6QlABHzGYuuwRUtZEbE",
            "public_key_openssh": "ssh-rsa AAAAB3NzaC1yc2EAAAADAQABAAACAQC7PJDsWdgVFmO7dzq54+DPlz8W2ZyT/K2N9nRxsLBZAE2lShCustAzw+VaBRle3glx23hhafTI5jykcE7dC8P2350X75CJH5tMWSAtng5CuUxQJhZX20DW6kPofuGrfvImknmqFwBGdPekWKhsntlJ9Ry9Q2PGMURR1UUdO9uoWVH50NYQX6VrQPqN3JjPpg2YzWmhU4vp6KmF3QOEI91+mCk/9Y+r+RVOgw6WGSavwUBSDESH/EW+nuZ7PVhVUfX3B0shof2CNkRU9eUx/jLaDoMY5VuI1umeVXfg2+XNIrje/1sToMIcM6ODVizPEEIQUoDwsgoL8Y0CmERXc3+smb53yitQKIFEPbnDMqZrjWVqFhBKSo5dPxCSzUoLJ6IdDKj6gCQrOy2aSfOclGGA+TTzu+ujTO/p2hPVGmCHU9AV16e0BnjK+aUauwX8zngyzhhu/iCDmQynMN251UCqEn/Y/+4v2B691n6SKZWTsMFizhXbOhyGiPMXXMY2AZcjjWxNfWpDz0aN76V+AOXGXxDDaNuiDJRMUx9WIf7qgDPTuUSXVyk7LaUkxhzLCh0xktBCaEIo9VF6GcOXVHmutFl2s8aor3Bko4hC4xHHAAXVa/nGTLVgO15+HeAOy+yA7Cq6XzedIfUrUZmHbZtp/Bix2Xk0lkLZzYoZ2RVyeQ==\n",
            "public_key_pem": "-----BEGIN PUBLIC KEY-----\nMIICIjANBgkqhkiG9w0BAQEFAAOCAg8AMIICCgKCAgEAuzyQ7FnYFRZju3c6uePg\nz5c/Ftmck/ytjfZ0cbCwWQBNpUoQrrLQM8PlWgUZXt4Jcdt4YWn0yOY8pHBO3QvD\n9t+dF++QiR+bTFkgLZ4OQrlMUCYWV9tA1upD6H7hq37yJpJ5qhcARnT3pFiobJ7Z\nSfUcvUNjxjFEUdVFHTvbqFlR+dDWEF+la0D6jdyYz6YNmM1poVOL6eiphd0DhCPd\nfpgpP/WPq/kVToMOlhkmr8FAUgxEh/xFvp7mez1YVVH19wdLIaH9gjZEVPXlMf4y\n2g6DGOVbiNbpnlV34NvlzSK43v9bE6DCHDOjg1YszxBCEFKA8LIKC/GNAphEV3N/\nrJm+d8orUCiBRD25wzKma41lahYQSkqOXT8Qks1KCyeiHQyo+oAkKzstmknznJRh\ngPk087vro0zv6doT1Rpgh1PQFdentAZ4yvmlGrsF/M54Ms4Ybv4gg5kMpzDdudVA\nqhJ/2P/uL9gevdZ+kimVk7DBYs4V2zochojzF1zGNgGXI41sTX1qQ89Gje+lfgDl\nxl8Qw2jbogyUTFMfViH+6oAz07lEl1cpOy2lJMYcywodMZLQQmhCKPVRehnDl1R5\nrrRZdrPGqK9wZKOIQuMRxwAF1Wv5xky1YDtefh3gDsvsgOwqul83nSH1K1GZh22b\nafwYsdl5NJZC2c2KGdkVcnkCAwEAAQ==\n-----END PUBLIC KEY-----\n",
            "rsa_bits": 4096
          },
          "sensitive_attributes": []
        }
      ]
    }
  ],
  "check_results": null
}
