{
  "version": 4,
  "terraform_version": "1.3.7",
  "serial": 620,
  "lineage": "0a3cb279-cf0d-78dd-e636-58873b406687",
  "outputs": {
    "private_ip": {
      "value": [
        "Uat",
        [
          "120.0.3.79",
          "120.0.3.100"
        ],
        "Qa",
        [
          "120.0.2.71",
          "120.0.2.184"
        ],
        "Dev",
        [
          "120.0.1.244",
          "120.0.1.52"
        ],
        "Ansible",
        "120.0.4.146",
        "Jenkins",
        "120.0.4.129"
      ],
      "type": [
        "tuple",
        [
          "string",
          [
            "tuple",
            [
              "string",
              "string"
            ]
          ],
          "string",
          [
            "tuple",
            [
              "string",
              "string"
            ]
          ],
          "string",
          [
            "tuple",
            [
              "string",
              "string"
            ]
          ],
          "string",
          "string",
          "string",
          "string"
        ]
      ]
    },
    "public_ip": {
      "value": "13.127.222.58",
      "type": "string"
    }
  },
  "resources": [
    {
      "mode": "managed",
      "type": "aws_eip",
      "name": "Nat_eip",
      "provider": "provider[\"registry.terraform.io/hashicorp/aws\"]",
      "instances": [
        {
          "schema_version": 0,
          "attributes": {
            "address": null,
            "allocation_id": "eipalloc-0f02bc7e704d674a5",
            "associate_with_private_ip": null,
            "association_id": "",
            "carrier_ip": "",
            "customer_owned_ip": "",
            "customer_owned_ipv4_pool": "",
            "domain": "vpc",
            "id": "eipalloc-0f02bc7e704d674a5",
            "instance": "",
            "network_border_group": "ap-south-1",
            "network_interface": "",
            "private_dns": null,
            "private_ip": "",
            "public_dns": "ec2-15-207-238-115.ap-south-1.compute.amazonaws.com",
            "public_ip": "15.207.238.115",
            "public_ipv4_pool": "amazon",
            "tags": {
              "Name": "test-eip"
            },
            "tags_all": {
              "Name": "test-eip"
            },
            "timeouts": null,
            "vpc": true
          },
          "sensitive_attributes": [],
          "private": "eyJlMmJmYjczMC1lY2FhLTExZTYtOGY4OC0zNDM2M2JjN2M0YzAiOnsiZGVsZXRlIjoxODAwMDAwMDAwMDAsInJlYWQiOjkwMDAwMDAwMDAwMCwidXBkYXRlIjozMDAwMDAwMDAwMDB9fQ=="
        }
      ]
    },
    {
      "mode": "managed",
      "type": "aws_instance",
      "name": "AnsibleController",
      "provider": "provider[\"registry.terraform.io/hashicorp/aws\"]",
      "instances": [
        {
          "schema_version": 1,
          "attributes": {
            "ami": "ami-0d162611e9535c4e3",
            "arn": "arn:aws:ec2:ap-south-1:690932370148:instance/i-070c5e32a9ea5ab13",
            "associate_public_ip_address": false,
            "availability_zone": "ap-south-1b",
            "capacity_reservation_specification": [
              {
                "capacity_reservation_preference": "open",
                "capacity_reservation_target": []
              }
            ],
            "cpu_core_count": 1,
            "cpu_threads_per_core": 1,
            "credit_specification": [
              {
                "cpu_credits": "standard"
              }
            ],
            "disable_api_stop": false,
            "disable_api_termination": false,
            "ebs_block_device": [],
            "ebs_optimized": false,
            "enclave_options": [
              {
                "enabled": false
              }
            ],
            "ephemeral_block_device": [],
            "get_password_data": false,
            "hibernation": false,
            "host_id": "",
            "host_resource_group_arn": null,
            "iam_instance_profile": "cloudAgent",
            "id": "i-070c5e32a9ea5ab13",
            "instance_initiated_shutdown_behavior": "stop",
            "instance_state": "running",
            "instance_type": "t2.micro",
            "ipv6_address_count": 0,
            "ipv6_addresses": [],
            "key_name": "projectKey",
            "launch_template": [],
            "maintenance_options": [
              {
                "auto_recovery": "default"
              }
            ],
            "metadata_options": [
              {
                "http_endpoint": "enabled",
                "http_put_response_hop_limit": 1,
                "http_tokens": "optional",
                "instance_metadata_tags": "disabled"
              }
            ],
            "monitoring": false,
            "network_interface": [],
            "outpost_arn": "",
            "password_data": "",
            "placement_group": "",
            "placement_partition_number": 0,
            "primary_network_interface_id": "eni-088ddfdb83a35ab20",
            "private_dns": "ip-120-0-4-146.ap-south-1.compute.internal",
            "private_dns_name_options": [
              {
                "enable_resource_name_dns_a_record": false,
                "enable_resource_name_dns_aaaa_record": false,
                "hostname_type": "ip-name"
              }
            ],
            "private_ip": "120.0.4.146",
            "public_dns": "",
            "public_ip": "",
            "root_block_device": [
              {
                "delete_on_termination": true,
                "device_name": "/dev/xvda",
                "encrypted": false,
                "iops": 100,
                "kms_key_id": "",
                "tags": {},
                "throughput": 0,
                "volume_id": "vol-03697b948d51e052b",
                "volume_size": 8,
                "volume_type": "gp2"
              }
            ],
            "secondary_private_ips": [],
            "security_groups": [
              "sg-0f28a1d97d7184b42"
            ],
            "source_dest_check": true,
            "subnet_id": "subnet-0dc350c3adeccdccb",
            "tags": {
              "Name": "AnsibleController"
            },
            "tags_all": {
              "Name": "AnsibleController"
            },
            "tenancy": "default",
            "timeouts": null,
            "user_data": "5bc700dcc31eb572f31f36549093ebc06d77d635",
            "user_data_base64": null,
            "user_data_replace_on_change": false,
            "volume_tags": null,
            "vpc_security_group_ids": [
              "sg-0f28a1d97d7184b42"
            ]
          },
          "sensitive_attributes": [],
          "private": "eyJlMmJmYjczMC1lY2FhLTExZTYtOGY4OC0zNDM2M2JjN2M0YzAiOnsiY3JlYXRlIjo2MDAwMDAwMDAwMDAsImRlbGV0ZSI6MTIwMDAwMDAwMDAwMCwidXBkYXRlIjo2MDAwMDAwMDAwMDB9LCJzY2hlbWFfdmVyc2lvbiI6IjEifQ==",
          "dependencies": [
            "aws_key_pair.projectKey",
            "aws_security_group.projectSGPrivate",
            "aws_subnet.subnet_devops",
            "aws_vpc.Project",
            "tls_private_key.rsa"
          ]
        }
      ]
    },
    {
      "mode": "managed",
      "type": "aws_instance",
      "name": "DevEc2",
      "provider": "provider[\"registry.terraform.io/hashicorp/aws\"]",
      "instances": [
        {
          "index_key": 0,
          "schema_version": 1,
          "attributes": {
            "ami": "ami-0d162611e9535c4e3",
            "arn": "arn:aws:ec2:ap-south-1:690932370148:instance/i-0e568f5c326ae3eda",
            "associate_public_ip_address": false,
            "availability_zone": "ap-south-1a",
            "capacity_reservation_specification": [
              {
                "capacity_reservation_preference": "open",
                "capacity_reservation_target": []
              }
            ],
            "cpu_core_count": 1,
            "cpu_threads_per_core": 1,
            "credit_specification": [
              {
                "cpu_credits": "standard"
              }
            ],
            "disable_api_stop": false,
            "disable_api_termination": false,
            "ebs_block_device": [],
            "ebs_optimized": false,
            "enclave_options": [
              {
                "enabled": false
              }
            ],
            "ephemeral_block_device": [],
            "get_password_data": false,
            "hibernation": false,
            "host_id": "",
            "host_resource_group_arn": null,
            "iam_instance_profile": "",
            "id": "i-0e568f5c326ae3eda",
            "instance_initiated_shutdown_behavior": "stop",
            "instance_state": "running",
            "instance_type": "t2.micro",
            "ipv6_address_count": 0,
            "ipv6_addresses": [],
            "key_name": "projectKey",
            "launch_template": [],
            "maintenance_options": [
              {
                "auto_recovery": "default"
              }
            ],
            "metadata_options": [
              {
                "http_endpoint": "enabled",
                "http_put_response_hop_limit": 1,
                "http_tokens": "optional",
                "instance_metadata_tags": "disabled"
              }
            ],
            "monitoring": false,
            "network_interface": [],
            "outpost_arn": "",
            "password_data": "",
            "placement_group": "",
            "placement_partition_number": 0,
            "primary_network_interface_id": "eni-095cd2a187385cc5f",
            "private_dns": "ip-120-0-1-244.ap-south-1.compute.internal",
            "private_dns_name_options": [
              {
                "enable_resource_name_dns_a_record": false,
                "enable_resource_name_dns_aaaa_record": false,
                "hostname_type": "ip-name"
              }
            ],
            "private_ip": "120.0.1.244",
            "public_dns": "",
            "public_ip": "",
            "root_block_device": [
              {
                "delete_on_termination": true,
                "device_name": "/dev/xvda",
                "encrypted": false,
                "iops": 100,
                "kms_key_id": "",
                "tags": {},
                "throughput": 0,
                "volume_id": "vol-070f97da4112124ac",
                "volume_size": 8,
                "volume_type": "gp2"
              }
            ],
            "secondary_private_ips": [],
            "security_groups": [
              "sg-0f28a1d97d7184b42"
            ],
            "source_dest_check": true,
            "subnet_id": "subnet-0fe1aad9b794d0a00",
            "tags": {
              "Name": "DevEc2"
            },
            "tags_all": {
              "Name": "DevEc2"
            },
            "tenancy": "default",
            "timeouts": null,
            "user_data": "5a8914df734a4f389d71e23419850405a3ad9cc1",
            "user_data_base64": null,
            "user_data_replace_on_change": false,
            "volume_tags": null,
            "vpc_security_group_ids": [
              "sg-0f28a1d97d7184b42"
            ]
          },
          "sensitive_attributes": [],
          "private": "eyJlMmJmYjczMC1lY2FhLTExZTYtOGY4OC0zNDM2M2JjN2M0YzAiOnsiY3JlYXRlIjo2MDAwMDAwMDAwMDAsImRlbGV0ZSI6MTIwMDAwMDAwMDAwMCwidXBkYXRlIjo2MDAwMDAwMDAwMDB9LCJzY2hlbWFfdmVyc2lvbiI6IjEifQ==",
          "dependencies": [
            "aws_key_pair.projectKey",
            "aws_security_group.projectSGPrivate",
            "aws_subnet.subnet_dev",
            "aws_vpc.Project",
            "tls_private_key.rsa"
          ]
        },
        {
          "index_key": 1,
          "schema_version": 1,
          "attributes": {
            "ami": "ami-0d162611e9535c4e3",
            "arn": "arn:aws:ec2:ap-south-1:690932370148:instance/i-0a766deae9784c925",
            "associate_public_ip_address": false,
            "availability_zone": "ap-south-1a",
            "capacity_reservation_specification": [
              {
                "capacity_reservation_preference": "open",
                "capacity_reservation_target": []
              }
            ],
            "cpu_core_count": 1,
            "cpu_threads_per_core": 1,
            "credit_specification": [
              {
                "cpu_credits": "standard"
              }
            ],
            "disable_api_stop": false,
            "disable_api_termination": false,
            "ebs_block_device": [],
            "ebs_optimized": false,
            "enclave_options": [
              {
                "enabled": false
              }
            ],
            "ephemeral_block_device": [],
            "get_password_data": false,
            "hibernation": false,
            "host_id": "",
            "host_resource_group_arn": null,
            "iam_instance_profile": "",
            "id": "i-0a766deae9784c925",
            "instance_initiated_shutdown_behavior": "stop",
            "instance_state": "running",
            "instance_type": "t2.micro",
            "ipv6_address_count": 0,
            "ipv6_addresses": [],
            "key_name": "projectKey",
            "launch_template": [],
            "maintenance_options": [
              {
                "auto_recovery": "default"
              }
            ],
            "metadata_options": [
              {
                "http_endpoint": "enabled",
                "http_put_response_hop_limit": 1,
                "http_tokens": "optional",
                "instance_metadata_tags": "disabled"
              }
            ],
            "monitoring": false,
            "network_interface": [],
            "outpost_arn": "",
            "password_data": "",
            "placement_group": "",
            "placement_partition_number": 0,
            "primary_network_interface_id": "eni-0b8830848a169fb8a",
            "private_dns": "ip-120-0-1-52.ap-south-1.compute.internal",
            "private_dns_name_options": [
              {
                "enable_resource_name_dns_a_record": false,
                "enable_resource_name_dns_aaaa_record": false,
                "hostname_type": "ip-name"
              }
            ],
            "private_ip": "120.0.1.52",
            "public_dns": "",
            "public_ip": "",
            "root_block_device": [
              {
                "delete_on_termination": true,
                "device_name": "/dev/xvda",
                "encrypted": false,
                "iops": 100,
                "kms_key_id": "",
                "tags": {},
                "throughput": 0,
                "volume_id": "vol-02e691d9b7eef7d9e",
                "volume_size": 8,
                "volume_type": "gp2"
              }
            ],
            "secondary_private_ips": [],
            "security_groups": [
              "sg-0f28a1d97d7184b42"
            ],
            "source_dest_check": true,
            "subnet_id": "subnet-0fe1aad9b794d0a00",
            "tags": {
              "Name": "DevEc2"
            },
            "tags_all": {
              "Name": "DevEc2"
            },
            "tenancy": "default",
            "timeouts": null,
            "user_data": "5a8914df734a4f389d71e23419850405a3ad9cc1",
            "user_data_base64": null,
            "user_data_replace_on_change": false,
            "volume_tags": null,
            "vpc_security_group_ids": [
              "sg-0f28a1d97d7184b42"
            ]
          },
          "sensitive_attributes": [],
          "private": "eyJlMmJmYjczMC1lY2FhLTExZTYtOGY4OC0zNDM2M2JjN2M0YzAiOnsiY3JlYXRlIjo2MDAwMDAwMDAwMDAsImRlbGV0ZSI6MTIwMDAwMDAwMDAwMCwidXBkYXRlIjo2MDAwMDAwMDAwMDB9LCJzY2hlbWFfdmVyc2lvbiI6IjEifQ==",
          "dependencies": [
            "aws_key_pair.projectKey",
            "aws_security_group.projectSGPrivate",
            "aws_subnet.subnet_dev",
            "aws_vpc.Project",
            "tls_private_key.rsa"
          ]
        }
      ]
    },
    {
      "mode": "managed",
      "type": "aws_instance",
      "name": "Jenkins",
      "provider": "provider[\"registry.terraform.io/hashicorp/aws\"]",
      "instances": [
        {
          "schema_version": 1,
          "attributes": {
            "ami": "ami-0d162611e9535c4e3",
            "arn": "arn:aws:ec2:ap-south-1:690932370148:instance/i-0a64f0e345331d07f",
            "associate_public_ip_address": false,
            "availability_zone": "ap-south-1b",
            "capacity_reservation_specification": [
              {
                "capacity_reservation_preference": "open",
                "capacity_reservation_target": []
              }
            ],
            "cpu_core_count": 1,
            "cpu_threads_per_core": 1,
            "credit_specification": [
              {
                "cpu_credits": "standard"
              }
            ],
            "disable_api_stop": false,
            "disable_api_termination": false,
            "ebs_block_device": [],
            "ebs_optimized": false,
            "enclave_options": [
              {
                "enabled": false
              }
            ],
            "ephemeral_block_device": [],
            "get_password_data": false,
            "hibernation": false,
            "host_id": "",
            "host_resource_group_arn": null,
            "iam_instance_profile": "cloudAgent",
            "id": "i-0a64f0e345331d07f",
            "instance_initiated_shutdown_behavior": "stop",
            "instance_state": "running",
            "instance_type": "t2.micro",
            "ipv6_address_count": 0,
            "ipv6_addresses": [],
            "key_name": "projectKey",
            "launch_template": [],
            "maintenance_options": [
              {
                "auto_recovery": "default"
              }
            ],
            "metadata_options": [
              {
                "http_endpoint": "enabled",
                "http_put_response_hop_limit": 1,
                "http_tokens": "optional",
                "instance_metadata_tags": "disabled"
              }
            ],
            "monitoring": false,
            "network_interface": [],
            "outpost_arn": "",
            "password_data": "",
            "placement_group": "",
            "placement_partition_number": 0,
            "primary_network_interface_id": "eni-0fa7622bcd6444da0",
            "private_dns": "ip-120-0-4-129.ap-south-1.compute.internal",
            "private_dns_name_options": [
              {
                "enable_resource_name_dns_a_record": false,
                "enable_resource_name_dns_aaaa_record": false,
                "hostname_type": "ip-name"
              }
            ],
            "private_ip": "120.0.4.129",
            "public_dns": "",
            "public_ip": "",
            "root_block_device": [
              {
                "delete_on_termination": true,
                "device_name": "/dev/xvda",
                "encrypted": false,
                "iops": 100,
                "kms_key_id": "",
                "tags": {},
                "throughput": 0,
                "volume_id": "vol-0a3097f845cd19de0",
                "volume_size": 8,
                "volume_type": "gp2"
              }
            ],
            "secondary_private_ips": [],
            "security_groups": [
              "sg-0f28a1d97d7184b42"
            ],
            "source_dest_check": true,
            "subnet_id": "subnet-0dc350c3adeccdccb",
            "tags": {
              "Name": "JenkinsMaster"
            },
            "tags_all": {
              "Name": "JenkinsMaster"
            },
            "tenancy": "default",
            "timeouts": null,
            "user_data": "012f1500577969dce18cc1143116a4d1dafcd6d8",
            "user_data_base64": null,
            "user_data_replace_on_change": false,
            "volume_tags": null,
            "vpc_security_group_ids": [
              "sg-0f28a1d97d7184b42"
            ]
          },
          "sensitive_attributes": [],
          "private": "eyJlMmJmYjczMC1lY2FhLTExZTYtOGY4OC0zNDM2M2JjN2M0YzAiOnsiY3JlYXRlIjo2MDAwMDAwMDAwMDAsImRlbGV0ZSI6MTIwMDAwMDAwMDAwMCwidXBkYXRlIjo2MDAwMDAwMDAwMDB9LCJzY2hlbWFfdmVyc2lvbiI6IjEifQ==",
          "dependencies": [
            "aws_key_pair.projectKey",
            "aws_security_group.projectSGPrivate",
            "aws_subnet.subnet_devops",
            "aws_vpc.Project",
            "tls_private_key.rsa"
          ]
        }
      ]
    },
    {
      "mode": "managed",
      "type": "aws_instance",
      "name": "JumppingServer",
      "provider": "provider[\"registry.terraform.io/hashicorp/aws\"]",
      "instances": [
        {
          "schema_version": 1,
          "attributes": {
            "ami": "ami-077d687accca02dc1",
            "arn": "arn:aws:ec2:ap-south-1:690932370148:instance/i-084e220eda6fcd924",
            "associate_public_ip_address": true,
            "availability_zone": "ap-south-1a",
            "capacity_reservation_specification": [
              {
                "capacity_reservation_preference": "open",
                "capacity_reservation_target": []
              }
            ],
            "cpu_core_count": 1,
            "cpu_threads_per_core": 1,
            "credit_specification": [
              {
                "cpu_credits": "standard"
              }
            ],
            "disable_api_stop": false,
            "disable_api_termination": false,
            "ebs_block_device": [],
            "ebs_optimized": false,
            "enclave_options": [
              {
                "enabled": false
              }
            ],
            "ephemeral_block_device": [],
            "get_password_data": false,
            "hibernation": false,
            "host_id": "",
            "host_resource_group_arn": null,
            "iam_instance_profile": "",
            "id": "i-084e220eda6fcd924",
            "instance_initiated_shutdown_behavior": "stop",
            "instance_state": "running",
            "instance_type": "t2.micro",
            "ipv6_address_count": 0,
            "ipv6_addresses": [],
            "key_name": "Mykeytoall",
            "launch_template": [],
            "maintenance_options": [
              {
                "auto_recovery": "default"
              }
            ],
            "metadata_options": [
              {
                "http_endpoint": "enabled",
                "http_put_response_hop_limit": 1,
                "http_tokens": "optional",
                "instance_metadata_tags": "disabled"
              }
            ],
            "monitoring": false,
            "network_interface": [],
            "outpost_arn": "",
            "password_data": "",
            "placement_group": "",
            "placement_partition_number": 0,
            "primary_network_interface_id": "eni-05e3176d1bc97859e",
            "private_dns": "ip-120-0-0-5.ap-south-1.compute.internal",
            "private_dns_name_options": [
              {
                "enable_resource_name_dns_a_record": false,
                "enable_resource_name_dns_aaaa_record": false,
                "hostname_type": "ip-name"
              }
            ],
            "private_ip": "120.0.0.5",
            "public_dns": "",
            "public_ip": "13.127.222.58",
            "root_block_device": [
              {
                "delete_on_termination": true,
                "device_name": "/dev/sda1",
                "encrypted": false,
                "iops": 100,
                "kms_key_id": "",
                "tags": {},
                "throughput": 0,
                "volume_id": "vol-003f1a2c42dedb97a",
                "volume_size": 30,
                "volume_type": "gp2"
              }
            ],
            "secondary_private_ips": [],
            "security_groups": [
              "sg-032638c4c10959a35"
            ],
            "source_dest_check": true,
            "subnet_id": "subnet-00675e516d27611cf",
            "tags": {
              "Name": "JumppingServer"
            },
            "tags_all": {
              "Name": "JumppingServer"
            },
            "tenancy": "default",
            "timeouts": null,
            "user_data": null,
            "user_data_base64": null,
            "user_data_replace_on_change": false,
            "volume_tags": null,
            "vpc_security_group_ids": [
              "sg-032638c4c10959a35"
            ]
          },
          "sensitive_attributes": [],
          "private": "eyJlMmJmYjczMC1lY2FhLTExZTYtOGY4OC0zNDM2M2JjN2M0YzAiOnsiY3JlYXRlIjo2MDAwMDAwMDAwMDAsImRlbGV0ZSI6MTIwMDAwMDAwMDAwMCwidXBkYXRlIjo2MDAwMDAwMDAwMDB9LCJzY2hlbWFfdmVyc2lvbiI6IjEifQ==",
          "dependencies": [
            "aws_security_group.projectSG",
            "aws_subnet.subnet_jumpping",
            "aws_vpc.Project"
          ]
        }
      ]
    },
    {
      "mode": "managed",
      "type": "aws_instance",
      "name": "QaEc2",
      "provider": "provider[\"registry.terraform.io/hashicorp/aws\"]",
      "instances": [
        {
          "index_key": 0,
          "schema_version": 1,
          "attributes": {
            "ami": "ami-0d162611e9535c4e3",
            "arn": "arn:aws:ec2:ap-south-1:690932370148:instance/i-085c232ee9239f102",
            "associate_public_ip_address": false,
            "availability_zone": "ap-south-1b",
            "capacity_reservation_specification": [
              {
                "capacity_reservation_preference": "open",
                "capacity_reservation_target": []
              }
            ],
            "cpu_core_count": 1,
            "cpu_threads_per_core": 1,
            "credit_specification": [
              {
                "cpu_credits": "standard"
              }
            ],
            "disable_api_stop": false,
            "disable_api_termination": false,
            "ebs_block_device": [],
            "ebs_optimized": false,
            "enclave_options": [
              {
                "enabled": false
              }
            ],
            "ephemeral_block_device": [],
            "get_password_data": false,
            "hibernation": false,
            "host_id": "",
            "host_resource_group_arn": null,
            "iam_instance_profile": "",
            "id": "i-085c232ee9239f102",
            "instance_initiated_shutdown_behavior": "stop",
            "instance_state": "running",
            "instance_type": "t2.micro",
            "ipv6_address_count": 0,
            "ipv6_addresses": [],
            "key_name": "projectKey",
            "launch_template": [],
            "maintenance_options": [
              {
                "auto_recovery": "default"
              }
            ],
            "metadata_options": [
              {
                "http_endpoint": "enabled",
                "http_put_response_hop_limit": 1,
                "http_tokens": "optional",
                "instance_metadata_tags": "disabled"
              }
            ],
            "monitoring": false,
            "network_interface": [],
            "outpost_arn": "",
            "password_data": "",
            "placement_group": "",
            "placement_partition_number": 0,
            "primary_network_interface_id": "eni-0b3009d3b9ee5cc3b",
            "private_dns": "ip-120-0-2-71.ap-south-1.compute.internal",
            "private_dns_name_options": [
              {
                "enable_resource_name_dns_a_record": false,
                "enable_resource_name_dns_aaaa_record": false,
                "hostname_type": "ip-name"
              }
            ],
            "private_ip": "120.0.2.71",
            "public_dns": "",
            "public_ip": "",
            "root_block_device": [
              {
                "delete_on_termination": true,
                "device_name": "/dev/xvda",
                "encrypted": false,
                "iops": 100,
                "kms_key_id": "",
                "tags": {},
                "throughput": 0,
                "volume_id": "vol-0bb4715b4e3532745",
                "volume_size": 8,
                "volume_type": "gp2"
              }
            ],
            "secondary_private_ips": [],
            "security_groups": [
              "sg-0f28a1d97d7184b42"
            ],
            "source_dest_check": true,
            "subnet_id": "subnet-042e6370057343feb",
            "tags": {
              "Name": "QaEc2"
            },
            "tags_all": {
              "Name": "QaEc2"
            },
            "tenancy": "default",
            "timeouts": null,
            "user_data": "5a8914df734a4f389d71e23419850405a3ad9cc1",
            "user_data_base64": null,
            "user_data_replace_on_change": false,
            "volume_tags": null,
            "vpc_security_group_ids": [
              "sg-0f28a1d97d7184b42"
            ]
          },
          "sensitive_attributes": [],
          "private": "eyJlMmJmYjczMC1lY2FhLTExZTYtOGY4OC0zNDM2M2JjN2M0YzAiOnsiY3JlYXRlIjo2MDAwMDAwMDAwMDAsImRlbGV0ZSI6MTIwMDAwMDAwMDAwMCwidXBkYXRlIjo2MDAwMDAwMDAwMDB9LCJzY2hlbWFfdmVyc2lvbiI6IjEifQ==",
          "dependencies": [
            "aws_key_pair.projectKey",
            "aws_security_group.projectSGPrivate",
            "aws_subnet.subnet_qa",
            "aws_vpc.Project",
            "tls_private_key.rsa"
          ]
        },
        {
          "index_key": 1,
          "schema_version": 1,
          "attributes": {
            "ami": "ami-0d162611e9535c4e3",
            "arn": "arn:aws:ec2:ap-south-1:690932370148:instance/i-040a57c7f371e4b3b",
            "associate_public_ip_address": false,
            "availability_zone": "ap-south-1b",
            "capacity_reservation_specification": [
              {
                "capacity_reservation_preference": "open",
                "capacity_reservation_target": []
              }
            ],
            "cpu_core_count": 1,
            "cpu_threads_per_core": 1,
            "credit_specification": [
              {
                "cpu_credits": "standard"
              }
            ],
            "disable_api_stop": false,
            "disable_api_termination": false,
            "ebs_block_device": [],
            "ebs_optimized": false,
            "enclave_options": [
              {
                "enabled": false
              }
            ],
            "ephemeral_block_device": [],
            "get_password_data": false,
            "hibernation": false,
            "host_id": "",
            "host_resource_group_arn": null,
            "iam_instance_profile": "",
            "id": "i-040a57c7f371e4b3b",
            "instance_initiated_shutdown_behavior": "stop",
            "instance_state": "running",
            "instance_type": "t2.micro",
            "ipv6_address_count": 0,
            "ipv6_addresses": [],
            "key_name": "projectKey",
            "launch_template": [],
            "maintenance_options": [
              {
                "auto_recovery": "default"
              }
            ],
            "metadata_options": [
              {
                "http_endpoint": "enabled",
                "http_put_response_hop_limit": 1,
                "http_tokens": "optional",
                "instance_metadata_tags": "disabled"
              }
            ],
            "monitoring": false,
            "network_interface": [],
            "outpost_arn": "",
            "password_data": "",
            "placement_group": "",
            "placement_partition_number": 0,
            "primary_network_interface_id": "eni-081cea8c2c7407266",
            "private_dns": "ip-120-0-2-184.ap-south-1.compute.internal",
            "private_dns_name_options": [
              {
                "enable_resource_name_dns_a_record": false,
                "enable_resource_name_dns_aaaa_record": false,
                "hostname_type": "ip-name"
              }
            ],
            "private_ip": "120.0.2.184",
            "public_dns": "",
            "public_ip": "",
            "root_block_device": [
              {
                "delete_on_termination": true,
                "device_name": "/dev/xvda",
                "encrypted": false,
                "iops": 100,
                "kms_key_id": "",
                "tags": {},
                "throughput": 0,
                "volume_id": "vol-0885fc93e405132c9",
                "volume_size": 8,
                "volume_type": "gp2"
              }
            ],
            "secondary_private_ips": [],
            "security_groups": [
              "sg-0f28a1d97d7184b42"
            ],
            "source_dest_check": true,
            "subnet_id": "subnet-042e6370057343feb",
            "tags": {
              "Name": "QaEc2"
            },
            "tags_all": {
              "Name": "QaEc2"
            },
            "tenancy": "default",
            "timeouts": null,
            "user_data": "5a8914df734a4f389d71e23419850405a3ad9cc1",
            "user_data_base64": null,
            "user_data_replace_on_change": false,
            "volume_tags": null,
            "vpc_security_group_ids": [
              "sg-0f28a1d97d7184b42"
            ]
          },
          "sensitive_attributes": [],
          "private": "eyJlMmJmYjczMC1lY2FhLTExZTYtOGY4OC0zNDM2M2JjN2M0YzAiOnsiY3JlYXRlIjo2MDAwMDAwMDAwMDAsImRlbGV0ZSI6MTIwMDAwMDAwMDAwMCwidXBkYXRlIjo2MDAwMDAwMDAwMDB9LCJzY2hlbWFfdmVyc2lvbiI6IjEifQ==",
          "dependencies": [
            "aws_key_pair.projectKey",
            "aws_security_group.projectSGPrivate",
            "aws_subnet.subnet_qa",
            "aws_vpc.Project",
            "tls_private_key.rsa"
          ]
        }
      ]
    },
    {
      "mode": "managed",
      "type": "aws_instance",
      "name": "UatEc2",
      "provider": "provider[\"registry.terraform.io/hashicorp/aws\"]",
      "instances": [
        {
          "index_key": 0,
          "schema_version": 1,
          "attributes": {
            "ami": "ami-0d162611e9535c4e3",
            "arn": "arn:aws:ec2:ap-south-1:690932370148:instance/i-0a8ffd201d3d1c4a1",
            "associate_public_ip_address": false,
            "availability_zone": "ap-south-1a",
            "capacity_reservation_specification": [
              {
                "capacity_reservation_preference": "open",
                "capacity_reservation_target": []
              }
            ],
            "cpu_core_count": 1,
            "cpu_threads_per_core": 1,
            "credit_specification": [
              {
                "cpu_credits": "standard"
              }
            ],
            "disable_api_stop": false,
            "disable_api_termination": false,
            "ebs_block_device": [],
            "ebs_optimized": false,
            "enclave_options": [
              {
                "enabled": false
              }
            ],
            "ephemeral_block_device": [],
            "get_password_data": false,
            "hibernation": false,
            "host_id": "",
            "host_resource_group_arn": null,
            "iam_instance_profile": "",
            "id": "i-0a8ffd201d3d1c4a1",
            "instance_initiated_shutdown_behavior": "stop",
            "instance_state": "running",
            "instance_type": "t2.micro",
            "ipv6_address_count": 0,
            "ipv6_addresses": [],
            "key_name": "projectKey",
            "launch_template": [],
            "maintenance_options": [
              {
                "auto_recovery": "default"
              }
            ],
            "metadata_options": [
              {
                "http_endpoint": "enabled",
                "http_put_response_hop_limit": 1,
                "http_tokens": "optional",
                "instance_metadata_tags": "disabled"
              }
            ],
            "monitoring": false,
            "network_interface": [],
            "outpost_arn": "",
            "password_data": "",
            "placement_group": "",
            "placement_partition_number": 0,
            "primary_network_interface_id": "eni-093c2b3d7d08130fd",
            "private_dns": "ip-120-0-3-79.ap-south-1.compute.internal",
            "private_dns_name_options": [
              {
                "enable_resource_name_dns_a_record": false,
                "enable_resource_name_dns_aaaa_record": false,
                "hostname_type": "ip-name"
              }
            ],
            "private_ip": "120.0.3.79",
            "public_dns": "",
            "public_ip": "",
            "root_block_device": [
              {
                "delete_on_termination": true,
                "device_name": "/dev/xvda",
                "encrypted": false,
                "iops": 100,
                "kms_key_id": "",
                "tags": {},
                "throughput": 0,
                "volume_id": "vol-098c194c3c9c14bfd",
                "volume_size": 8,
                "volume_type": "gp2"
              }
            ],
            "secondary_private_ips": [],
            "security_groups": [
              "sg-0f28a1d97d7184b42"
            ],
            "source_dest_check": true,
            "subnet_id": "subnet-068b3e1664dcca75e",
            "tags": {
              "Name": "UatEc2"
            },
            "tags_all": {
              "Name": "UatEc2"
            },
            "tenancy": "default",
            "timeouts": null,
            "user_data": "5a8914df734a4f389d71e23419850405a3ad9cc1",
            "user_data_base64": null,
            "user_data_replace_on_change": false,
            "volume_tags": null,
            "vpc_security_group_ids": [
              "sg-0f28a1d97d7184b42"
            ]
          },
          "sensitive_attributes": [],
          "private": "eyJlMmJmYjczMC1lY2FhLTExZTYtOGY4OC0zNDM2M2JjN2M0YzAiOnsiY3JlYXRlIjo2MDAwMDAwMDAwMDAsImRlbGV0ZSI6MTIwMDAwMDAwMDAwMCwidXBkYXRlIjo2MDAwMDAwMDAwMDB9LCJzY2hlbWFfdmVyc2lvbiI6IjEifQ==",
          "dependencies": [
            "aws_key_pair.projectKey",
            "aws_security_group.projectSGPrivate",
            "aws_subnet.subnet_uat",
            "aws_vpc.Project",
            "tls_private_key.rsa"
          ]
        },
        {
          "index_key": 1,
          "schema_version": 1,
          "attributes": {
            "ami": "ami-0d162611e9535c4e3",
            "arn": "arn:aws:ec2:ap-south-1:690932370148:instance/i-012cbe05c60b870d3",
            "associate_public_ip_address": false,
            "availability_zone": "ap-south-1a",
            "capacity_reservation_specification": [
              {
                "capacity_reservation_preference": "open",
                "capacity_reservation_target": []
              }
            ],
            "cpu_core_count": 1,
            "cpu_threads_per_core": 1,
            "credit_specification": [
              {
                "cpu_credits": "standard"
              }
            ],
            "disable_api_stop": false,
            "disable_api_termination": false,
            "ebs_block_device": [],
            "ebs_optimized": false,
            "enclave_options": [
              {
                "enabled": false
              }
            ],
            "ephemeral_block_device": [],
            "get_password_data": false,
            "hibernation": false,
            "host_id": "",
            "host_resource_group_arn": null,
            "iam_instance_profile": "",
            "id": "i-012cbe05c60b870d3",
            "instance_initiated_shutdown_behavior": "stop",
            "instance_state": "running",
            "instance_type": "t2.micro",
            "ipv6_address_count": 0,
            "ipv6_addresses": [],
            "key_name": "projectKey",
            "launch_template": [],
            "maintenance_options": [
              {
                "auto_recovery": "default"
              }
            ],
            "metadata_options": [
              {
                "http_endpoint": "enabled",
                "http_put_response_hop_limit": 1,
                "http_tokens": "optional",
                "instance_metadata_tags": "disabled"
              }
            ],
            "monitoring": false,
            "network_interface": [],
            "outpost_arn": "",
            "password_data": "",
            "placement_group": "",
            "placement_partition_number": 0,
            "primary_network_interface_id": "eni-0aa41cfeda06dd26b",
            "private_dns": "ip-120-0-3-100.ap-south-1.compute.internal",
            "private_dns_name_options": [
              {
                "enable_resource_name_dns_a_record": false,
                "enable_resource_name_dns_aaaa_record": false,
                "hostname_type": "ip-name"
              }
            ],
            "private_ip": "120.0.3.100",
            "public_dns": "",
            "public_ip": "",
            "root_block_device": [
              {
                "delete_on_termination": true,
                "device_name": "/dev/xvda",
                "encrypted": false,
                "iops": 100,
                "kms_key_id": "",
                "tags": {},
                "throughput": 0,
                "volume_id": "vol-05997129730148a79",
                "volume_size": 8,
                "volume_type": "gp2"
              }
            ],
            "secondary_private_ips": [],
            "security_groups": [
              "sg-0f28a1d97d7184b42"
            ],
            "source_dest_check": true,
            "subnet_id": "subnet-068b3e1664dcca75e",
            "tags": {
              "Name": "UatEc2"
            },
            "tags_all": {
              "Name": "UatEc2"
            },
            "tenancy": "default",
            "timeouts": null,
            "user_data": "5a8914df734a4f389d71e23419850405a3ad9cc1",
            "user_data_base64": null,
            "user_data_replace_on_change": false,
            "volume_tags": null,
            "vpc_security_group_ids": [
              "sg-0f28a1d97d7184b42"
            ]
          },
          "sensitive_attributes": [],
          "private": "eyJlMmJmYjczMC1lY2FhLTExZTYtOGY4OC0zNDM2M2JjN2M0YzAiOnsiY3JlYXRlIjo2MDAwMDAwMDAwMDAsImRlbGV0ZSI6MTIwMDAwMDAwMDAwMCwidXBkYXRlIjo2MDAwMDAwMDAwMDB9LCJzY2hlbWFfdmVyc2lvbiI6IjEifQ==",
          "dependencies": [
            "aws_key_pair.projectKey",
            "aws_security_group.projectSGPrivate",
            "aws_subnet.subnet_uat",
            "aws_vpc.Project",
            "tls_private_key.rsa"
          ]
        }
      ]
    },
    {
      "mode": "managed",
      "type": "aws_instance",
      "name": "jumpping_Linux",
      "provider": "provider[\"registry.terraform.io/hashicorp/aws\"]",
      "instances": [
        {
          "schema_version": 1,
          "attributes": {
            "ami": "ami-0d162611e9535c4e3",
            "arn": "arn:aws:ec2:ap-south-1:690932370148:instance/i-0f60794e22d5b1fe1",
            "associate_public_ip_address": true,
            "availability_zone": "ap-south-1a",
            "capacity_reservation_specification": [
              {
                "capacity_reservation_preference": "open",
                "capacity_reservation_target": []
              }
            ],
            "cpu_core_count": 1,
            "cpu_threads_per_core": 1,
            "credit_specification": [
              {
                "cpu_credits": "standard"
              }
            ],
            "disable_api_stop": false,
            "disable_api_termination": false,
            "ebs_block_device": [],
            "ebs_optimized": false,
            "enclave_options": [
              {
                "enabled": false
              }
            ],
            "ephemeral_block_device": [],
            "get_password_data": false,
            "hibernation": false,
            "host_id": "",
            "host_resource_group_arn": null,
            "iam_instance_profile": "",
            "id": "i-0f60794e22d5b1fe1",
            "instance_initiated_shutdown_behavior": "stop",
            "instance_state": "running",
            "instance_type": "t2.micro",
            "ipv6_address_count": 0,
            "ipv6_addresses": [],
            "key_name": "projectKey",
            "launch_template": [],
            "maintenance_options": [
              {
                "auto_recovery": "default"
              }
            ],
            "metadata_options": [
              {
                "http_endpoint": "enabled",
                "http_put_response_hop_limit": 1,
                "http_tokens": "optional",
                "instance_metadata_tags": "disabled"
              }
            ],
            "monitoring": false,
            "network_interface": [],
            "outpost_arn": "",
            "password_data": "",
            "placement_group": "",
            "placement_partition_number": 0,
            "primary_network_interface_id": "eni-0e05c9365735b0a4c",
            "private_dns": "ip-120-0-0-181.ap-south-1.compute.internal",
            "private_dns_name_options": [
              {
                "enable_resource_name_dns_a_record": false,
                "enable_resource_name_dns_aaaa_record": false,
                "hostname_type": "ip-name"
              }
            ],
            "private_ip": "120.0.0.181",
            "public_dns": "",
            "public_ip": "52.66.201.140",
            "root_block_device": [
              {
                "delete_on_termination": true,
                "device_name": "/dev/xvda",
                "encrypted": false,
                "iops": 100,
                "kms_key_id": "",
                "tags": {},
                "throughput": 0,
                "volume_id": "vol-017447265f208137b",
                "volume_size": 8,
                "volume_type": "gp2"
              }
            ],
            "secondary_private_ips": [],
            "security_groups": [
              "sg-032638c4c10959a35"
            ],
            "source_dest_check": true,
            "subnet_id": "subnet-00675e516d27611cf",
            "tags": {
              "Name": "jumpping_Linux"
            },
            "tags_all": {
              "Name": "jumpping_Linux"
            },
            "tenancy": "default",
            "timeouts": null,
            "user_data": "5a8914df734a4f389d71e23419850405a3ad9cc1",
            "user_data_base64": null,
            "user_data_replace_on_change": false,
            "volume_tags": null,
            "vpc_security_group_ids": [
              "sg-032638c4c10959a35"
            ]
          },
          "sensitive_attributes": [],
          "private": "eyJlMmJmYjczMC1lY2FhLTExZTYtOGY4OC0zNDM2M2JjN2M0YzAiOnsiY3JlYXRlIjo2MDAwMDAwMDAwMDAsImRlbGV0ZSI6MTIwMDAwMDAwMDAwMCwidXBkYXRlIjo2MDAwMDAwMDAwMDB9LCJzY2hlbWFfdmVyc2lvbiI6IjEifQ==",
          "dependencies": [
            "aws_key_pair.projectKey",
            "aws_security_group.projectSG",
            "aws_subnet.subnet_jumpping",
            "aws_vpc.Project",
            "tls_private_key.rsa"
          ]
        }
      ]
    },
    {
      "mode": "managed",
      "type": "aws_internet_gateway",
      "name": "Project_gateway",
      "provider": "provider[\"registry.terraform.io/hashicorp/aws\"]",
      "instances": [
        {
          "schema_version": 0,
          "attributes": {
            "arn": "arn:aws:ec2:ap-south-1:690932370148:internet-gateway/igw-0d084da9f8db577d6",
            "id": "igw-0d084da9f8db577d6",
            "owner_id": "690932370148",
            "tags": {
              "Name": "project_IG"
            },
            "tags_all": {
              "Name": "project_IG"
            },
            "timeouts": null,
            "vpc_id": "vpc-07dbff2df4d260922"
          },
          "sensitive_attributes": [],
          "private": "eyJlMmJmYjczMC1lY2FhLTExZTYtOGY4OC0zNDM2M2JjN2M0YzAiOnsiY3JlYXRlIjoxMjAwMDAwMDAwMDAwLCJkZWxldGUiOjEyMDAwMDAwMDAwMDAsInVwZGF0ZSI6MTIwMDAwMDAwMDAwMH19",
          "dependencies": [
            "aws_vpc.Project"
          ]
        }
      ]
    },
    {
      "mode": "managed",
      "type": "aws_key_pair",
      "name": "projectKey",
      "provider": "provider[\"registry.terraform.io/hashicorp/aws\"]",
      "instances": [
        {
          "schema_version": 1,
          "attributes": {
            "arn": "arn:aws:ec2:ap-south-1:690932370148:key-pair/projectKey",
            "fingerprint": "51:c0:b0:36:6a:df:02:98:e5:37:f0:9f:97:2c:39:5e",
            "id": "projectKey",
            "key_name": "projectKey",
            "key_name_prefix": "",
            "key_pair_id": "key-0a5d8eae21cdb9228",
            "key_type": "rsa",
            "public_key": "ssh-rsa AAAAB3NzaC1yc2EAAAADAQABAAACAQCiMhTwKZxAagUsg3KB3d+I4eHd8wNwgYAulrXDL/shK9IJxks62QNgBRiUUBMZ98dtpOl51xh7Vy3MSFzeGwn3uSbeLIfxq3QaQBPx4M8YmwtFn8+v/MiMuXYbAgKmo95iyLECXVsVzOsrsAn85HOxuzVRp1OI/+LSyJnzjgUDeiTlLtVPuPMRLhDxxKuO/RD1rtccb9xxgDX1ZMTBExjQ7NWB/mTlnfKbX/eD9TK2EO1kgYJjwELxj+L+kA0yMfNw67/Sx1+eFV67f1hwp3ZMMs04uYAwzoCMIBbktLpCQkKP8RYRKXh71+yjykH/NgS/H8uy9vugXrKDjDFffVPy7PBIFPiHTdy6LoMQNBz6q0pkpNo95/fJTiJLJw1YHAXF0WP7JyppnIQ9XnmXe9k5zLpasGm9+/fMd14yrjC1um47Yymym70v0pxTDseNueV6Nv6c6Dj+fblQM7hG0NHeNXeXQJsc+xC/s+4wAiBDl2jmav2bH4wPqPD4eSkDMAThwd+f0VGte8FaHTc5j6smxujGycYCKqzcFuvMPQR9P6k9kZ6xyH5726SzfLsTh1CLXAde8Hvd6e+2Ilb6/o0D96pvnkitKQVedfErsfeymeRpwy4Va32QCRypAGOXeQmNCTgigsavscaXPjRshPimKfL0z8pa4glTKGWMMWgbRw==",
            "tags": null,
            "tags_all": {}
          },
          "sensitive_attributes": [],
          "private": "eyJzY2hlbWFfdmVyc2lvbiI6IjEifQ==",
          "dependencies": [
            "tls_private_key.rsa"
          ]
        }
      ]
    },
    {
      "mode": "managed",
      "type": "aws_nat_gateway",
      "name": "privateIG",
      "provider": "provider[\"registry.terraform.io/hashicorp/aws\"]",
      "instances": [
        {
          "schema_version": 0,
          "attributes": {
            "allocation_id": "eipalloc-0f02bc7e704d674a5",
            "connectivity_type": "public",
            "id": "nat-098baad529ca21b04",
            "network_interface_id": "eni-0b171b88f62f99678",
            "private_ip": "120.0.0.182",
            "public_ip": "15.207.238.115",
            "subnet_id": "subnet-00675e516d27611cf",
            "tags": {
              "Name": "privateIG"
            },
            "tags_all": {
              "Name": "privateIG"
            }
          },
          "sensitive_attributes": [],
          "private": "bnVsbA==",
          "dependencies": [
            "aws_eip.Nat_eip",
            "aws_internet_gateway.Project_gateway",
            "aws_subnet.subnet_jumpping",
            "aws_vpc.Project"
          ]
        }
      ]
    },
    {
      "mode": "managed",
      "type": "aws_route",
      "name": "NatRoute",
      "provider": "provider[\"registry.terraform.io/hashicorp/aws\"]",
      "instances": [
        {
          "schema_version": 0,
          "attributes": {
            "carrier_gateway_id": "",
            "core_network_arn": "",
            "destination_cidr_block": "0.0.0.0/0",
            "destination_ipv6_cidr_block": "",
            "destination_prefix_list_id": "",
            "egress_only_gateway_id": "",
            "gateway_id": "",
            "id": "r-rtb-0c47d0bacbfc92ec31080289494",
            "instance_id": "",
            "instance_owner_id": "",
            "local_gateway_id": "",
            "nat_gateway_id": "nat-098baad529ca21b04",
            "network_interface_id": "",
            "origin": "CreateRoute",
            "route_table_id": "rtb-0c47d0bacbfc92ec3",
            "state": "active",
            "timeouts": null,
            "transit_gateway_id": "",
            "vpc_endpoint_id": "",
            "vpc_peering_connection_id": ""
          },
          "sensitive_attributes": [],
          "private": "eyJlMmJmYjczMC1lY2FhLTExZTYtOGY4OC0zNDM2M2JjN2M0YzAiOnsiY3JlYXRlIjozMDAwMDAwMDAwMDAsImRlbGV0ZSI6MzAwMDAwMDAwMDAwLCJ1cGRhdGUiOjEyMDAwMDAwMDAwMH19",
          "dependencies": [
            "aws_eip.Nat_eip",
            "aws_internet_gateway.Project_gateway",
            "aws_nat_gateway.privateIG",
            "aws_subnet.subnet_jumpping",
            "aws_vpc.Project"
          ]
        }
      ]
    },
    {
      "mode": "managed",
      "type": "aws_route_table",
      "name": "public_route",
      "provider": "provider[\"registry.terraform.io/hashicorp/aws\"]",
      "instances": [
        {
          "schema_version": 0,
          "attributes": {
            "arn": "arn:aws:ec2:ap-south-1:690932370148:route-table/rtb-0bcf4a148c74634f1",
            "id": "rtb-0bcf4a148c74634f1",
            "owner_id": "690932370148",
            "propagating_vgws": [],
            "route": [
              {
                "carrier_gateway_id": "",
                "cidr_block": "0.0.0.0/0",
                "core_network_arn": "",
                "destination_prefix_list_id": "",
                "egress_only_gateway_id": "",
                "gateway_id": "igw-0d084da9f8db577d6",
                "instance_id": "",
                "ipv6_cidr_block": "",
                "local_gateway_id": "",
                "nat_gateway_id": "",
                "network_interface_id": "",
                "transit_gateway_id": "",
                "vpc_endpoint_id": "",
                "vpc_peering_connection_id": ""
              }
            ],
            "tags": {
              "Name": "PublicRouteTable"
            },
            "tags_all": {
              "Name": "PublicRouteTable"
            },
            "timeouts": null,
            "vpc_id": "vpc-07dbff2df4d260922"
          },
          "sensitive_attributes": [],
          "private": "eyJlMmJmYjczMC1lY2FhLTExZTYtOGY4OC0zNDM2M2JjN2M0YzAiOnsiY3JlYXRlIjozMDAwMDAwMDAwMDAsImRlbGV0ZSI6MzAwMDAwMDAwMDAwLCJ1cGRhdGUiOjEyMDAwMDAwMDAwMH19",
          "dependencies": [
            "aws_internet_gateway.Project_gateway",
            "aws_vpc.Project"
          ]
        }
      ]
    },
    {
      "mode": "managed",
      "type": "aws_route_table_association",
      "name": "private_route1",
      "provider": "provider[\"registry.terraform.io/hashicorp/aws\"]",
      "instances": [
        {
          "schema_version": 0,
          "attributes": {
            "gateway_id": "",
            "id": "rtbassoc-0d9ed6e914b5570ef",
            "route_table_id": "rtb-0c47d0bacbfc92ec3",
            "subnet_id": "subnet-0fe1aad9b794d0a00"
          },
          "sensitive_attributes": [],
          "private": "bnVsbA==",
          "dependencies": [
            "aws_subnet.subnet_dev",
            "aws_vpc.Project"
          ]
        }
      ]
    },
    {
      "mode": "managed",
      "type": "aws_route_table_association",
      "name": "private_route2",
      "provider": "provider[\"registry.terraform.io/hashicorp/aws\"]",
      "instances": [
        {
          "schema_version": 0,
          "attributes": {
            "gateway_id": "",
            "id": "rtbassoc-0ef1b7ea0b3f4e606",
            "route_table_id": "rtb-0c47d0bacbfc92ec3",
            "subnet_id": "subnet-042e6370057343feb"
          },
          "sensitive_attributes": [],
          "private": "bnVsbA==",
          "dependencies": [
            "aws_subnet.subnet_qa",
            "aws_vpc.Project"
          ]
        }
      ]
    },
    {
      "mode": "managed",
      "type": "aws_route_table_association",
      "name": "private_route3",
      "provider": "provider[\"registry.terraform.io/hashicorp/aws\"]",
      "instances": [
        {
          "schema_version": 0,
          "attributes": {
            "gateway_id": "",
            "id": "rtbassoc-0fc24754fc9aeb1a1",
            "route_table_id": "rtb-0c47d0bacbfc92ec3",
            "subnet_id": "subnet-068b3e1664dcca75e"
          },
          "sensitive_attributes": [],
          "private": "bnVsbA==",
          "dependencies": [
            "aws_subnet.subnet_uat",
            "aws_vpc.Project"
          ]
        }
      ]
    },
    {
      "mode": "managed",
      "type": "aws_route_table_association",
      "name": "private_route4",
      "provider": "provider[\"registry.terraform.io/hashicorp/aws\"]",
      "instances": [
        {
          "schema_version": 0,
          "attributes": {
            "gateway_id": "",
            "id": "rtbassoc-077e88e167fed0a6a",
            "route_table_id": "rtb-0c47d0bacbfc92ec3",
            "subnet_id": "subnet-0dc350c3adeccdccb"
          },
          "sensitive_attributes": [],
          "private": "bnVsbA==",
          "dependencies": [
            "aws_subnet.subnet_devops",
            "aws_vpc.Project"
          ]
        }
      ]
    },
    {
      "mode": "managed",
      "type": "aws_route_table_association",
      "name": "publictable1",
      "provider": "provider[\"registry.terraform.io/hashicorp/aws\"]",
      "instances": [
        {
          "schema_version": 0,
          "attributes": {
            "gateway_id": "",
            "id": "rtbassoc-03f455b2d97cf1d1c",
            "route_table_id": "rtb-0bcf4a148c74634f1",
            "subnet_id": "subnet-00675e516d27611cf"
          },
          "sensitive_attributes": [],
          "private": "bnVsbA==",
          "dependencies": [
            "aws_internet_gateway.Project_gateway",
            "aws_route_table.public_route",
            "aws_subnet.subnet_jumpping",
            "aws_vpc.Project"
          ]
        }
      ]
    },
    {
      "mode": "managed",
      "type": "aws_security_group",
      "name": "projectSG",
      "provider": "provider[\"registry.terraform.io/hashicorp/aws\"]",
      "instances": [
        {
          "schema_version": 1,
          "attributes": {
            "arn": "arn:aws:ec2:ap-south-1:690932370148:security-group/sg-032638c4c10959a35",
            "description": "public_rule",
            "egress": [
              {
                "cidr_blocks": [
                  "0.0.0.0/0"
                ],
                "description": "All_traffic",
                "from_port": 0,
                "ipv6_cidr_blocks": [],
                "prefix_list_ids": [],
                "protocol": "-1",
                "security_groups": [],
                "self": false,
                "to_port": 0
              }
            ],
            "id": "sg-032638c4c10959a35",
            "ingress": [
              {
                "cidr_blocks": [
                  "0.0.0.0/0"
                ],
                "description": "http",
                "from_port": 80,
                "ipv6_cidr_blocks": [],
                "prefix_list_ids": [],
                "protocol": "tcp",
                "security_groups": [],
                "self": false,
                "to_port": 80
              },
              {
                "cidr_blocks": [
                  "0.0.0.0/0"
                ],
                "description": "https",
                "from_port": 443,
                "ipv6_cidr_blocks": [],
                "prefix_list_ids": [],
                "protocol": "tcp",
                "security_groups": [],
                "self": false,
                "to_port": 443
              },
              {
                "cidr_blocks": [
                  "0.0.0.0/0"
                ],
                "description": "rdp",
                "from_port": 3389,
                "ipv6_cidr_blocks": [],
                "prefix_list_ids": [],
                "protocol": "tcp",
                "security_groups": [],
                "self": false,
                "to_port": 3389
              },
              {
                "cidr_blocks": [
                  "0.0.0.0/0"
                ],
                "description": "ssh",
                "from_port": 22,
                "ipv6_cidr_blocks": [],
                "prefix_list_ids": [],
                "protocol": "tcp",
                "security_groups": [],
                "self": false,
                "to_port": 22
              },
              {
                "cidr_blocks": [
                  "0.0.0.0/0"
                ],
                "description": "tomcat",
                "from_port": 8080,
                "ipv6_cidr_blocks": [],
                "prefix_list_ids": [],
                "protocol": "tcp",
                "security_groups": [],
                "self": false,
                "to_port": 8080
              }
            ],
            "name": "public_SG",
            "name_prefix": "",
            "owner_id": "690932370148",
            "revoke_rules_on_delete": false,
            "tags": null,
            "tags_all": {},
            "timeouts": null,
            "vpc_id": "vpc-07dbff2df4d260922"
          },
          "sensitive_attributes": [],
          "private": "eyJlMmJmYjczMC1lY2FhLTExZTYtOGY4OC0zNDM2M2JjN2M0YzAiOnsiY3JlYXRlIjo2MDAwMDAwMDAwMDAsImRlbGV0ZSI6OTAwMDAwMDAwMDAwfSwic2NoZW1hX3ZlcnNpb24iOiIxIn0=",
          "dependencies": [
            "aws_vpc.Project"
          ]
        }
      ]
    },
    {
      "mode": "managed",
      "type": "aws_security_group",
      "name": "projectSGPrivate",
      "provider": "provider[\"registry.terraform.io/hashicorp/aws\"]",
      "instances": [
        {
          "schema_version": 1,
          "attributes": {
            "arn": "arn:aws:ec2:ap-south-1:690932370148:security-group/sg-0f28a1d97d7184b42",
            "description": "private_rule",
            "egress": [
              {
                "cidr_blocks": [
                  "0.0.0.0/0"
                ],
                "description": "All_traffic",
                "from_port": 0,
                "ipv6_cidr_blocks": [],
                "prefix_list_ids": [],
                "protocol": "-1",
                "security_groups": [],
                "self": false,
                "to_port": 0
              }
            ],
            "id": "sg-0f28a1d97d7184b42",
            "ingress": [
              {
                "cidr_blocks": [
                  "120.0.0.0/16"
                ],
                "description": "http",
                "from_port": 80,
                "ipv6_cidr_blocks": [],
                "prefix_list_ids": [],
                "protocol": "tcp",
                "security_groups": [],
                "self": false,
                "to_port": 80
              },
              {
                "cidr_blocks": [
                  "120.0.0.0/16"
                ],
                "description": "https",
                "from_port": 443,
                "ipv6_cidr_blocks": [],
                "prefix_list_ids": [],
                "protocol": "tcp",
                "security_groups": [],
                "self": false,
                "to_port": 443
              },
              {
                "cidr_blocks": [
                  "120.0.0.0/16"
                ],
                "description": "ssh",
                "from_port": 22,
                "ipv6_cidr_blocks": [],
                "prefix_list_ids": [],
                "protocol": "tcp",
                "security_groups": [],
                "self": false,
                "to_port": 22
              },
              {
                "cidr_blocks": [
                  "120.0.0.0/16"
                ],
                "description": "tomcat",
                "from_port": 8080,
                "ipv6_cidr_blocks": [],
                "prefix_list_ids": [],
                "protocol": "tcp",
                "security_groups": [],
                "self": false,
                "to_port": 8080
              }
            ],
            "name": "private_SG",
            "name_prefix": "",
            "owner_id": "690932370148",
            "revoke_rules_on_delete": false,
            "tags": null,
            "tags_all": {},
            "timeouts": null,
            "vpc_id": "vpc-07dbff2df4d260922"
          },
          "sensitive_attributes": [],
          "private": "eyJlMmJmYjczMC1lY2FhLTExZTYtOGY4OC0zNDM2M2JjN2M0YzAiOnsiY3JlYXRlIjo2MDAwMDAwMDAwMDAsImRlbGV0ZSI6OTAwMDAwMDAwMDAwfSwic2NoZW1hX3ZlcnNpb24iOiIxIn0=",
          "dependencies": [
            "aws_vpc.Project"
          ]
        }
      ]
    },
    {
      "mode": "managed",
      "type": "aws_subnet",
      "name": "subnet_dev",
      "provider": "provider[\"registry.terraform.io/hashicorp/aws\"]",
      "instances": [
        {
          "schema_version": 1,
          "attributes": {
            "arn": "arn:aws:ec2:ap-south-1:690932370148:subnet/subnet-0fe1aad9b794d0a00",
            "assign_ipv6_address_on_creation": false,
            "availability_zone": "ap-south-1a",
            "availability_zone_id": "aps1-az1",
            "cidr_block": "120.0.1.0/24",
            "customer_owned_ipv4_pool": "",
            "enable_dns64": false,
            "enable_resource_name_dns_a_record_on_launch": false,
            "enable_resource_name_dns_aaaa_record_on_launch": false,
            "id": "subnet-0fe1aad9b794d0a00",
            "ipv6_cidr_block": "",
            "ipv6_cidr_block_association_id": "",
            "ipv6_native": false,
            "map_customer_owned_ip_on_launch": false,
            "map_public_ip_on_launch": false,
            "outpost_arn": "",
            "owner_id": "690932370148",
            "private_dns_hostname_type_on_launch": "ip-name",
            "tags": {
              "Name": "Dev"
            },
            "tags_all": {
              "Name": "Dev"
            },
            "timeouts": null,
            "vpc_id": "vpc-07dbff2df4d260922"
          },
          "sensitive_attributes": [],
          "private": "eyJlMmJmYjczMC1lY2FhLTExZTYtOGY4OC0zNDM2M2JjN2M0YzAiOnsiY3JlYXRlIjo2MDAwMDAwMDAwMDAsImRlbGV0ZSI6MTIwMDAwMDAwMDAwMH0sInNjaGVtYV92ZXJzaW9uIjoiMSJ9",
          "dependencies": [
            "aws_vpc.Project"
          ]
        }
      ]
    },
    {
      "mode": "managed",
      "type": "aws_subnet",
      "name": "subnet_devops",
      "provider": "provider[\"registry.terraform.io/hashicorp/aws\"]",
      "instances": [
        {
          "schema_version": 1,
          "attributes": {
            "arn": "arn:aws:ec2:ap-south-1:690932370148:subnet/subnet-0dc350c3adeccdccb",
            "assign_ipv6_address_on_creation": false,
            "availability_zone": "ap-south-1b",
            "availability_zone_id": "aps1-az3",
            "cidr_block": "120.0.4.0/24",
            "customer_owned_ipv4_pool": "",
            "enable_dns64": false,
            "enable_resource_name_dns_a_record_on_launch": false,
            "enable_resource_name_dns_aaaa_record_on_launch": false,
            "id": "subnet-0dc350c3adeccdccb",
            "ipv6_cidr_block": "",
            "ipv6_cidr_block_association_id": "",
            "ipv6_native": false,
            "map_customer_owned_ip_on_launch": false,
            "map_public_ip_on_launch": false,
            "outpost_arn": "",
            "owner_id": "690932370148",
            "private_dns_hostname_type_on_launch": "ip-name",
            "tags": {
              "Name": "Devops"
            },
            "tags_all": {
              "Name": "Devops"
            },
            "timeouts": null,
            "vpc_id": "vpc-07dbff2df4d260922"
          },
          "sensitive_attributes": [],
          "private": "eyJlMmJmYjczMC1lY2FhLTExZTYtOGY4OC0zNDM2M2JjN2M0YzAiOnsiY3JlYXRlIjo2MDAwMDAwMDAwMDAsImRlbGV0ZSI6MTIwMDAwMDAwMDAwMH0sInNjaGVtYV92ZXJzaW9uIjoiMSJ9",
          "dependencies": [
            "aws_vpc.Project"
          ]
        }
      ]
    },
    {
      "mode": "managed",
      "type": "aws_subnet",
      "name": "subnet_jumpping",
      "provider": "provider[\"registry.terraform.io/hashicorp/aws\"]",
      "instances": [
        {
          "schema_version": 1,
          "attributes": {
            "arn": "arn:aws:ec2:ap-south-1:690932370148:subnet/subnet-00675e516d27611cf",
            "assign_ipv6_address_on_creation": false,
            "availability_zone": "ap-south-1a",
            "availability_zone_id": "aps1-az1",
            "cidr_block": "120.0.0.0/24",
            "customer_owned_ipv4_pool": "",
            "enable_dns64": false,
            "enable_resource_name_dns_a_record_on_launch": false,
            "enable_resource_name_dns_aaaa_record_on_launch": false,
            "id": "subnet-00675e516d27611cf",
            "ipv6_cidr_block": "",
            "ipv6_cidr_block_association_id": "",
            "ipv6_native": false,
            "map_customer_owned_ip_on_launch": false,
            "map_public_ip_on_launch": true,
            "outpost_arn": "",
            "owner_id": "690932370148",
            "private_dns_hostname_type_on_launch": "ip-name",
            "tags": {
              "Name": "Jumpping"
            },
            "tags_all": {
              "Name": "Jumpping"
            },
            "timeouts": null,
            "vpc_id": "vpc-07dbff2df4d260922"
          },
          "sensitive_attributes": [],
          "private": "eyJlMmJmYjczMC1lY2FhLTExZTYtOGY4OC0zNDM2M2JjN2M0YzAiOnsiY3JlYXRlIjo2MDAwMDAwMDAwMDAsImRlbGV0ZSI6MTIwMDAwMDAwMDAwMH0sInNjaGVtYV92ZXJzaW9uIjoiMSJ9",
          "dependencies": [
            "aws_vpc.Project"
          ]
        }
      ]
    },
    {
      "mode": "managed",
      "type": "aws_subnet",
      "name": "subnet_qa",
      "provider": "provider[\"registry.terraform.io/hashicorp/aws\"]",
      "instances": [
        {
          "schema_version": 1,
          "attributes": {
            "arn": "arn:aws:ec2:ap-south-1:690932370148:subnet/subnet-042e6370057343feb",
            "assign_ipv6_address_on_creation": false,
            "availability_zone": "ap-south-1b",
            "availability_zone_id": "aps1-az3",
            "cidr_block": "120.0.2.0/24",
            "customer_owned_ipv4_pool": "",
            "enable_dns64": false,
            "enable_resource_name_dns_a_record_on_launch": false,
            "enable_resource_name_dns_aaaa_record_on_launch": false,
            "id": "subnet-042e6370057343feb",
            "ipv6_cidr_block": "",
            "ipv6_cidr_block_association_id": "",
            "ipv6_native": false,
            "map_customer_owned_ip_on_launch": false,
            "map_public_ip_on_launch": false,
            "outpost_arn": "",
            "owner_id": "690932370148",
            "private_dns_hostname_type_on_launch": "ip-name",
            "tags": {
              "Name": "Qa"
            },
            "tags_all": {
              "Name": "Qa"
            },
            "timeouts": null,
            "vpc_id": "vpc-07dbff2df4d260922"
          },
          "sensitive_attributes": [],
          "private": "eyJlMmJmYjczMC1lY2FhLTExZTYtOGY4OC0zNDM2M2JjN2M0YzAiOnsiY3JlYXRlIjo2MDAwMDAwMDAwMDAsImRlbGV0ZSI6MTIwMDAwMDAwMDAwMH0sInNjaGVtYV92ZXJzaW9uIjoiMSJ9",
          "dependencies": [
            "aws_vpc.Project"
          ]
        }
      ]
    },
    {
      "mode": "managed",
      "type": "aws_subnet",
      "name": "subnet_uat",
      "provider": "provider[\"registry.terraform.io/hashicorp/aws\"]",
      "instances": [
        {
          "schema_version": 1,
          "attributes": {
            "arn": "arn:aws:ec2:ap-south-1:690932370148:subnet/subnet-068b3e1664dcca75e",
            "assign_ipv6_address_on_creation": false,
            "availability_zone": "ap-south-1a",
            "availability_zone_id": "aps1-az1",
            "cidr_block": "120.0.3.0/24",
            "customer_owned_ipv4_pool": "",
            "enable_dns64": false,
            "enable_resource_name_dns_a_record_on_launch": false,
            "enable_resource_name_dns_aaaa_record_on_launch": false,
            "id": "subnet-068b3e1664dcca75e",
            "ipv6_cidr_block": "",
            "ipv6_cidr_block_association_id": "",
            "ipv6_native": false,
            "map_customer_owned_ip_on_launch": false,
            "map_public_ip_on_launch": false,
            "outpost_arn": "",
            "owner_id": "690932370148",
            "private_dns_hostname_type_on_launch": "ip-name",
            "tags": {
              "Name": "Uat"
            },
            "tags_all": {
              "Name": "Uat"
            },
            "timeouts": null,
            "vpc_id": "vpc-07dbff2df4d260922"
          },
          "sensitive_attributes": [],
          "private": "eyJlMmJmYjczMC1lY2FhLTExZTYtOGY4OC0zNDM2M2JjN2M0YzAiOnsiY3JlYXRlIjo2MDAwMDAwMDAwMDAsImRlbGV0ZSI6MTIwMDAwMDAwMDAwMH0sInNjaGVtYV92ZXJzaW9uIjoiMSJ9",
          "dependencies": [
            "aws_vpc.Project"
          ]
        }
      ]
    },
    {
      "mode": "managed",
      "type": "aws_vpc",
      "name": "Project",
      "provider": "provider[\"registry.terraform.io/hashicorp/aws\"]",
      "instances": [
        {
          "schema_version": 1,
          "attributes": {
            "arn": "arn:aws:ec2:ap-south-1:690932370148:vpc/vpc-07dbff2df4d260922",
            "assign_generated_ipv6_cidr_block": false,
            "cidr_block": "120.0.0.0/16",
            "default_network_acl_id": "acl-039fd554fcda36e10",
            "default_route_table_id": "rtb-0c47d0bacbfc92ec3",
            "default_security_group_id": "sg-0ca92ede7be3f3daa",
            "dhcp_options_id": "dopt-01fca598935f0adc7",
            "enable_classiclink": false,
            "enable_classiclink_dns_support": false,
            "enable_dns_hostnames": false,
            "enable_dns_support": true,
            "enable_network_address_usage_metrics": false,
            "id": "vpc-07dbff2df4d260922",
            "instance_tenancy": "default",
            "ipv4_ipam_pool_id": null,
            "ipv4_netmask_length": null,
            "ipv6_association_id": "",
            "ipv6_cidr_block": "",
            "ipv6_cidr_block_network_border_group": "",
            "ipv6_ipam_pool_id": "",
            "ipv6_netmask_length": 0,
            "main_route_table_id": "rtb-0c47d0bacbfc92ec3",
            "owner_id": "690932370148",
            "tags": {
              "Name": "Project"
            },
            "tags_all": {
              "Name": "Project"
            }
          },
          "sensitive_attributes": [],
          "private": "eyJzY2hlbWFfdmVyc2lvbiI6IjEifQ=="
        }
      ]
    },
    {
      "mode": "managed",
      "type": "local_file",
      "name": "hosts",
      "provider": "provider[\"registry.terraform.io/hashicorp/local\"]",
      "instances": [
        {
          "index_key": 0,
          "schema_version": 0,
          "attributes": {
            "content": "[Dev]\n120.0.1.244 ansible_ssh_user=ansible\n[Qa]\n120.0.2.71 ansible_ssh_user=ansible\n[Uat]\n120.0.3.79 ansible_ssh_user=ansible\n",
            "content_base64": null,
            "directory_permission": "0777",
            "file_permission": "0777",
            "filename": "hosts",
            "id": "ecea85dbaa009273eef95d21c4d207325a49e0e3",
            "sensitive_content": null,
            "source": null
          },
          "sensitive_attributes": [],
          "dependencies": [
            "aws_instance.DevEc2",
            "aws_instance.QaEc2",
            "aws_instance.UatEc2",
            "aws_key_pair.projectKey",
            "aws_security_group.projectSGPrivate",
            "aws_subnet.subnet_dev",
            "aws_subnet.subnet_qa",
            "aws_subnet.subnet_uat",
            "aws_vpc.Project",
            "tls_private_key.rsa"
          ]
        },
        {
          "index_key": 1,
          "schema_version": 0,
          "attributes": {
            "content": "[Dev]\n120.0.1.52 ansible_ssh_user=ansible\n[Qa]\n120.0.2.184 ansible_ssh_user=ansible\n[Uat]\n120.0.3.100 ansible_ssh_user=ansible\n",
            "content_base64": null,
            "directory_permission": "0777",
            "file_permission": "0777",
            "filename": "hosts",
            "id": "017f8daf9b30b581c4a67feaeaf1a0cfb8d8e6fb",
            "sensitive_content": null,
            "source": null
          },
          "sensitive_attributes": [],
          "dependencies": [
            "aws_instance.DevEc2",
            "aws_instance.QaEc2",
            "aws_instance.UatEc2",
            "aws_key_pair.projectKey",
            "aws_security_group.projectSGPrivate",
            "aws_subnet.subnet_dev",
            "aws_subnet.subnet_qa",
            "aws_subnet.subnet_uat",
            "aws_vpc.Project",
            "tls_private_key.rsa"
          ]
        }
      ]
    },
    {
      "mode": "managed",
      "type": "local_file",
      "name": "keystrorage",
      "provider": "provider[\"registry.terraform.io/hashicorp/local\"]",
      "instances": [
        {
          "schema_version": 0,
          "attributes": {
            "content": "-----BEGIN RSA PRIVATE KEY-----\nMIIJJwIBAAKCAgEAojIU8CmcQGoFLINygd3fiOHh3fMDcIGALpa1wy/7ISvSCcZL\nOtkDYAUYlFATGffHbaTpedcYe1ctzEhc3hsJ97km3iyH8at0GkAT8eDPGJsLRZ/P\nr/zIjLl2GwICpqPeYsixAl1bFczrK7AJ/ORzsbs1UadTiP/i0siZ844FA3ok5S7V\nT7jzES4Q8cSrjv0Q9a7XHG/ccYA19WTEwRMY0OzVgf5k5Z3ym1/3g/UythDtZIGC\nY8BC8Y/i/pANMjHzcOu/0sdfnhVeu39YcKd2TDLNOLmAMM6AjCAW5LS6QkJCj/EW\nESl4e9fso8pB/zYEvx/Lsvb7oF6yg4wxX31T8uzwSBT4h03cui6DEDQc+qtKZKTa\nPef3yU4iSycNWBwFxdFj+ycqaZyEPV55l3vZOcy6WrBpvfv3zHdeMq4wtbpuO2Mp\nspu9L9KcUw7Hjbnlejb+nOg4/n25UDO4RtDR3jV3l0CbHPsQv7PuMAIgQ5do5mr9\nmx+MD6jw+HkpAzAE4cHfn9FRrXvBWh03OY+rJsboxsnGAiqs3BbrzD0EfT+pPZGe\nsch+e9uks3y7E4dQi1wHXvB73envtiJW+v6NA/eqb55IrSkFXnXxK7H3spnkacMu\nFWt9kAkcqQBjl3kJjQk4IoLGr7HGlz40bIT4piny9M/KWuIJUyhljDFoG0cCAwEA\nAQKCAgAnKO5TOcim6LINGEN6RWZl9xuAad7nt+yJ0wtZb+kzDhBtGboqICEnerN/\ng4HJIEC/ITTZnOwlQ1wkWUhKu76BV+uhcqDz4VBr0hK+sGdv6mcjTT1ooSCOkWyJ\ngse/EgtsUEYkawPF1K7m4l7W9xVT0P5Dk6Ggjx9lgtdgrWZae5AS4WbRE7dj63pd\n1P0SzdjdaHQ5Qmy33puofsbeUs0IDFZUR2Z25dagWuA4tOeke5vFS1t+1/mRtwq4\nKXF2MAc1uUWcD1TvpvszS8C/mj7+kLlpu6fOoNz6d/jvCQ97VeIaPLv2MswLIovY\n08lxY8prlrKop+cCxjpVdnCpPGoa92Ay2pRGXCZqxQQrO7BDoyKZdQPNQDZu+RCz\nFgPSjaz0svtowSIPwaZg87uYMSHRw8ILCdccbtunzgUKwe7voVIY2f1VrEcTgLDj\nVJaAJf4cXhGe5RnRE8ZAp3Ee1cOT2o7glQ4mL9yCAAfoWDX/S5tgABFr+qp8M8nj\np7f7LNHqFsEGFktBOItCP84V1OF3wJ+vf0VGmm9XjE7IeAWS9/f49RGgUAWNnug2\nvyCAKVk+KaknAxYWqGlyZYlJTaG84TPRtAgMnvnGv1ZdtxdC8GNU5WXBtq7YwOpH\nN17C3xyI1bX//h4UkTgW9RMekVxsY960giP2Sb/ZGyaBlszRIQKCAQEAyRGl21eS\nHHAPVO6JyqOrVT99grG4PbYWm46y+nmSgRkWLhvOFCAzIs0VEB4eJBzl0/X0VGGV\ndmXEFkjl5ddGcQPeheYzOphEoSKC5xr3cyzJGGxuzz/gpAEewheWrAgeGB+F+p4w\ngq6DpyDfX3VYvJz9HwPdAotraiBmam7fVE1ijBJkVt0Ly5Ir2pBu8q5VzHjAi6Wf\nJqDE1/p1YaahRCuBHmCfherw52pAJLban9+h38af3BAo+1tTbkKRRUNDgHXBGBRX\nUipgdgGEozKpPV5X0/4cJJVFFWfL3avKPiHQoLFHf623f8Q05Ktlcv/B9Jix72GB\nVPXwd3K6exZxFwKCAQEAzoG2zvFFbxYQBrh0W8tpt7Hw9dcCFMi9sPKgl4FukgST\njVdrwleVHGi6aqlkp3tObd+uTy7vVF5lFwz4qyKUL9dG4CxA+8EtyiqubicMy6TN\nVSi530y6CGP5gHvPyqocTN20HayfnrNTa3/DV6wr0da1hFHzHTzYf8FzwrlhogFC\nI88QKX2N1wGPMAYsJAMyX87Y8TceyzH3UHFqa6JHxi6v1HPYFg3QKQXkAjtGUaIi\n7Bv6FKVGlU1lMf1cS+ri3PXT8tmshp4RDocaaAuwj4gaoHdSPPLA5o1u+oed5Hh1\nM12F5IB8268PQHkISsK2SafZeRljTbd1eZtDRHolUQKCAQBi9kyrqG5BkOX652zq\nT6QEUTt1GAOWXAjEh3eP0EZLRA2mpAjJ3w9MEaRMSoaLP63epS+cWGs32t6oGTkN\n5ubEuSLMxIByVn9wz4ueM6eXCHPxkWz4lHf8QJDi9rkx8szdEqbesv0tVLd3irZm\nRVtned0bZstgdT5o/Ylq2ScSVwQp7ON13VXw3AC5kl0JFMUl3kjmcp3iZT59Dsi3\nR0wYQVFLokLhpsDrJWBssZLpHSiO+zOzHEEPdeOaYSke7fxLPanMMDbKOhFAA39E\n06p4ifawYGF5n/5girXMZMEl037bmGWYcefe+rMN2U4VS8wqlvz81QDS0DmKkO03\np9QBAoIBADDaXvT1/wcYoRH18REGPixG3EpMYyGnm7iQrY0qAY5ppr55P/Tp40yl\nOfShvj4g3Z0Anav93oCHFEMvvmQ9+fCXbRz7WyQzvzFkh39nnY9PnYPX7qD09c2m\nWRAcOjwnoipNCJ88h0Z0BfgYcY38HSG3OZnkCS+RhWYzzb7zPDWnNo5iHeCy4ytK\nIyWpUCf02aXwuUHXWGGZoHhXXGW6LmCkCtSn0ybkfao2yon8m9YUFU7mD3Ny5g/M\nD3SUC5GqL6E2Rr3c4QO3wTE+pPCYU1yhRitQDxR8GUZxjx+VlbTHCnLsXRCBlQgj\nkegeued1yMoD+166stNf41qxcGhyvQECggEAHLwb8QN5dileoE6sU+K6wlRVsxSo\nFF4T7ikJ8e/S9xe0Mek4hGh1HAajoRgYOvLQi78VJGYBp/xjFG9ya4qSqlvzTg6O\nnMBZ+hMtbXezuhvG4vYOxTJrvDMi85/Q22VNFKABE3EpxsgFAT3g3DPNkfAjVZvN\nqc/N51H6ghBWW0UrZja4m8EyxgT0MRk4TlwD7MtCnWwEPaqNrniI9AKUcfIFssQS\nBPLX4M6zkNc1oQt/gKVVYQ/OIh7aL/KULXkfWrY2UeEbx5mnTtxCZssoEnqTpJmC\nhQkxnAmsTh1z9ekqDTcxwezoFFruTpDHxFr3CQ6wwIg2W87KraaZfd8yHQ==\n-----END RSA PRIVATE KEY-----\n",
            "content_base64": null,
            "directory_permission": "0777",
            "file_permission": "0777",
            "filename": "projectKey.pem",
            "id": "073d2c8016365186f8439acf2bdc7870cbc8f182",
            "sensitive_content": null,
            "source": null
          },
          "sensitive_attributes": [
            [
              {
                "type": "get_attr",
                "value": "content"
              }
            ]
          ],
          "dependencies": [
            "tls_private_key.rsa"
          ]
        }
      ]
    },
    {
      "mode": "managed",
      "type": "tls_private_key",
      "name": "rsa",
      "provider": "provider[\"registry.terraform.io/hashicorp/tls\"]",
      "instances": [
        {
          "schema_version": 1,
          "attributes": {
            "algorithm": "RSA",
            "ecdsa_curve": "P224",
            "id": "0085f444d91816c0f87c81f01c9c71d8ceecb340",
            "private_key_openssh": "-----BEGIN OPENSSH PRIVATE KEY-----\nb3BlbnNzaC1rZXktdjEAAAAABG5vbmUAAAAEbm9uZQAAAAAAAAABAAACFwAAAAdz\nc2gtcnNhAAAAAwEAAQAAAgEAojIU8CmcQGoFLINygd3fiOHh3fMDcIGALpa1wy/7\nISvSCcZLOtkDYAUYlFATGffHbaTpedcYe1ctzEhc3hsJ97km3iyH8at0GkAT8eDP\nGJsLRZ/Pr/zIjLl2GwICpqPeYsixAl1bFczrK7AJ/ORzsbs1UadTiP/i0siZ844F\nA3ok5S7VT7jzES4Q8cSrjv0Q9a7XHG/ccYA19WTEwRMY0OzVgf5k5Z3ym1/3g/Uy\nthDtZIGCY8BC8Y/i/pANMjHzcOu/0sdfnhVeu39YcKd2TDLNOLmAMM6AjCAW5LS6\nQkJCj/EWESl4e9fso8pB/zYEvx/Lsvb7oF6yg4wxX31T8uzwSBT4h03cui6DEDQc\n+qtKZKTaPef3yU4iSycNWBwFxdFj+ycqaZyEPV55l3vZOcy6WrBpvfv3zHdeMq4w\ntbpuO2Mpspu9L9KcUw7Hjbnlejb+nOg4/n25UDO4RtDR3jV3l0CbHPsQv7PuMAIg\nQ5do5mr9mx+MD6jw+HkpAzAE4cHfn9FRrXvBWh03OY+rJsboxsnGAiqs3BbrzD0E\nfT+pPZGesch+e9uks3y7E4dQi1wHXvB73envtiJW+v6NA/eqb55IrSkFXnXxK7H3\nspnkacMuFWt9kAkcqQBjl3kJjQk4IoLGr7HGlz40bIT4piny9M/KWuIJUyhljDFo\nG0cAAAc4qWeieqlnonoAAAAHc3NoLXJzYQAAAgEAojIU8CmcQGoFLINygd3fiOHh\n3fMDcIGALpa1wy/7ISvSCcZLOtkDYAUYlFATGffHbaTpedcYe1ctzEhc3hsJ97km\n3iyH8at0GkAT8eDPGJsLRZ/Pr/zIjLl2GwICpqPeYsixAl1bFczrK7AJ/ORzsbs1\nUadTiP/i0siZ844FA3ok5S7VT7jzES4Q8cSrjv0Q9a7XHG/ccYA19WTEwRMY0OzV\ngf5k5Z3ym1/3g/UythDtZIGCY8BC8Y/i/pANMjHzcOu/0sdfnhVeu39YcKd2TDLN\nOLmAMM6AjCAW5LS6QkJCj/EWESl4e9fso8pB/zYEvx/Lsvb7oF6yg4wxX31T8uzw\nSBT4h03cui6DEDQc+qtKZKTaPef3yU4iSycNWBwFxdFj+ycqaZyEPV55l3vZOcy6\nWrBpvfv3zHdeMq4wtbpuO2Mpspu9L9KcUw7Hjbnlejb+nOg4/n25UDO4RtDR3jV3\nl0CbHPsQv7PuMAIgQ5do5mr9mx+MD6jw+HkpAzAE4cHfn9FRrXvBWh03OY+rJsbo\nxsnGAiqs3BbrzD0EfT+pPZGesch+e9uks3y7E4dQi1wHXvB73envtiJW+v6NA/eq\nb55IrSkFXnXxK7H3spnkacMuFWt9kAkcqQBjl3kJjQk4IoLGr7HGlz40bIT4piny\n9M/KWuIJUyhljDFoG0cAAAADAQABAAACACco7lM5yKbosg0YQ3pFZmX3G4Bp3ue3\n7InTC1lv6TMOEG0ZuiogISd6s3+DgckgQL8hNNmc7CVDXCRZSEq7voFX66FyoPPh\nUGvSEr6wZ2/qZyNNPWihII6RbImCx78SC2xQRiRrA8XUrubiXtb3FVPQ/kOToaCP\nH2WC12CtZlp7kBLhZtETt2Prel3U/RLN2N1odDlCbLfem6h+xt5SzQgMVlRHZnbl\n1qBa4Di056R7m8VLW37X+ZG3CrgpcXYwBzW5RZwPVO+m+zNLwL+aPv6QuWm7p86g\n3Pp3+O8JD3tV4ho8u/YyzAsii9jTyXFjymuWsqin5wLGOlV2cKk8ahr3YDLalEZc\nJmrFBCs7sEOjIpl1A81ANm75ELMWA9KNrPSy+2jBIg/BpmDzu5gxIdHDwgsJ1xxu\n26fOBQrB7u+hUhjZ/VWsRxOAsONUloAl/hxeEZ7lGdETxkCncR7Vw5PajuCVDiYv\n3IIAB+hYNf9Lm2AAEWv6qnwzyeOnt/ss0eoWwQYWS0E4i0I/zhXU4XfAn69/RUaa\nb1eMTsh4BZL39/j1EaBQBY2e6Da/IIApWT4pqScDFhaoaXJliUlNobzhM9G0CAye\n+ca/Vl23F0LwY1TlZcG2rtjA6kc3XsLfHIjVtf/+HhSROBb1Ex6RXGxj3rSCI/ZJ\nv9kbJoGWzNEhAAABABy8G/EDeXYpXqBOrFPiusJUVbMUqBReE+4pCfHv0vcXtDHp\nOIRodRwGo6EYGDry0Iu/FSRmAaf8YxRvcmuKkqpb804OjpzAWfoTLW13s7obxuL2\nDsUya7wzIvOf0NtlTRSgARNxKcbIBQE94NwzzZHwI1WbzanPzedR+oIQVltFK2Y2\nuJvBMsYE9DEZOE5cA+zLQp1sBD2qja54iPQClHHyBbLEEgTy1+DOs5DXNaELf4Cl\nVWEPziIe2i/ylC15H1q2NlHhG8eZp07cQmbLKBJ6k6SZgoUJMZwJrE4dc/XpKg03\nMcHs6BRa7k6Qx8Ra9wkOsMCINlvOyq2mmX3fMh0AAAEBAMkRpdtXkhxwD1Tuicqj\nq1U/fYKxuD22FpuOsvp5koEZFi4bzhQgMyLNFRAeHiQc5dP19FRhlXZlxBZI5eXX\nRnED3oXmMzqYRKEiguca93MsyRhsbs8/4KQBHsIXlqwIHhgfhfqeMIKug6cg3191\nWLyc/R8D3QKLa2ogZmpu31RNYowSZFbdC8uSK9qQbvKuVcx4wIulnyagxNf6dWGm\noUQrgR5gn4Xq8OdqQCS22p/fod/Gn9wQKPtbU25CkUVDQ4B1wRgUV1IqYHYBhKMy\nqT1eV9P+HCSVRRVny92ryj4h0KCxR3+tt3/ENOSrZXL/wfSYse9hgVT18HdyunsW\ncRcAAAEBAM6Bts7xRW8WEAa4dFvLabex8PXXAhTIvbDyoJeBbpIEk41Xa8JXlRxo\numqpZKd7Tm3frk8u71ReZRcM+KsilC/XRuAsQPvBLcoqrm4nDMukzVUoud9Mughj\n+YB7z8qqHEzdtB2sn56zU2t/w1esK9HWtYRR8x082H/Bc8K5YaIBQiPPECl9jdcB\njzAGLCQDMl/O2PE3Hssx91BxamuiR8Yur9Rz2BYN0CkF5AI7RlGiIuwb+hSlRpVN\nZTH9XEvq4tz10/LZrIaeEQ6HGmgLsI+IGqB3UjzywOaNbvqHneR4dTNdheSAfNuv\nD0B5CErCtkmn2XkZY023dXmbQ0R6JVEAAAAAAQID\n-----END OPENSSH PRIVATE KEY-----\n",
            "private_key_pem": "-----BEGIN RSA PRIVATE KEY-----\nMIIJJwIBAAKCAgEAojIU8CmcQGoFLINygd3fiOHh3fMDcIGALpa1wy/7ISvSCcZL\nOtkDYAUYlFATGffHbaTpedcYe1ctzEhc3hsJ97km3iyH8at0GkAT8eDPGJsLRZ/P\nr/zIjLl2GwICpqPeYsixAl1bFczrK7AJ/ORzsbs1UadTiP/i0siZ844FA3ok5S7V\nT7jzES4Q8cSrjv0Q9a7XHG/ccYA19WTEwRMY0OzVgf5k5Z3ym1/3g/UythDtZIGC\nY8BC8Y/i/pANMjHzcOu/0sdfnhVeu39YcKd2TDLNOLmAMM6AjCAW5LS6QkJCj/EW\nESl4e9fso8pB/zYEvx/Lsvb7oF6yg4wxX31T8uzwSBT4h03cui6DEDQc+qtKZKTa\nPef3yU4iSycNWBwFxdFj+ycqaZyEPV55l3vZOcy6WrBpvfv3zHdeMq4wtbpuO2Mp\nspu9L9KcUw7Hjbnlejb+nOg4/n25UDO4RtDR3jV3l0CbHPsQv7PuMAIgQ5do5mr9\nmx+MD6jw+HkpAzAE4cHfn9FRrXvBWh03OY+rJsboxsnGAiqs3BbrzD0EfT+pPZGe\nsch+e9uks3y7E4dQi1wHXvB73envtiJW+v6NA/eqb55IrSkFXnXxK7H3spnkacMu\nFWt9kAkcqQBjl3kJjQk4IoLGr7HGlz40bIT4piny9M/KWuIJUyhljDFoG0cCAwEA\nAQKCAgAnKO5TOcim6LINGEN6RWZl9xuAad7nt+yJ0wtZb+kzDhBtGboqICEnerN/\ng4HJIEC/ITTZnOwlQ1wkWUhKu76BV+uhcqDz4VBr0hK+sGdv6mcjTT1ooSCOkWyJ\ngse/EgtsUEYkawPF1K7m4l7W9xVT0P5Dk6Ggjx9lgtdgrWZae5AS4WbRE7dj63pd\n1P0SzdjdaHQ5Qmy33puofsbeUs0IDFZUR2Z25dagWuA4tOeke5vFS1t+1/mRtwq4\nKXF2MAc1uUWcD1TvpvszS8C/mj7+kLlpu6fOoNz6d/jvCQ97VeIaPLv2MswLIovY\n08lxY8prlrKop+cCxjpVdnCpPGoa92Ay2pRGXCZqxQQrO7BDoyKZdQPNQDZu+RCz\nFgPSjaz0svtowSIPwaZg87uYMSHRw8ILCdccbtunzgUKwe7voVIY2f1VrEcTgLDj\nVJaAJf4cXhGe5RnRE8ZAp3Ee1cOT2o7glQ4mL9yCAAfoWDX/S5tgABFr+qp8M8nj\np7f7LNHqFsEGFktBOItCP84V1OF3wJ+vf0VGmm9XjE7IeAWS9/f49RGgUAWNnug2\nvyCAKVk+KaknAxYWqGlyZYlJTaG84TPRtAgMnvnGv1ZdtxdC8GNU5WXBtq7YwOpH\nN17C3xyI1bX//h4UkTgW9RMekVxsY960giP2Sb/ZGyaBlszRIQKCAQEAyRGl21eS\nHHAPVO6JyqOrVT99grG4PbYWm46y+nmSgRkWLhvOFCAzIs0VEB4eJBzl0/X0VGGV\ndmXEFkjl5ddGcQPeheYzOphEoSKC5xr3cyzJGGxuzz/gpAEewheWrAgeGB+F+p4w\ngq6DpyDfX3VYvJz9HwPdAotraiBmam7fVE1ijBJkVt0Ly5Ir2pBu8q5VzHjAi6Wf\nJqDE1/p1YaahRCuBHmCfherw52pAJLban9+h38af3BAo+1tTbkKRRUNDgHXBGBRX\nUipgdgGEozKpPV5X0/4cJJVFFWfL3avKPiHQoLFHf623f8Q05Ktlcv/B9Jix72GB\nVPXwd3K6exZxFwKCAQEAzoG2zvFFbxYQBrh0W8tpt7Hw9dcCFMi9sPKgl4FukgST\njVdrwleVHGi6aqlkp3tObd+uTy7vVF5lFwz4qyKUL9dG4CxA+8EtyiqubicMy6TN\nVSi530y6CGP5gHvPyqocTN20HayfnrNTa3/DV6wr0da1hFHzHTzYf8FzwrlhogFC\nI88QKX2N1wGPMAYsJAMyX87Y8TceyzH3UHFqa6JHxi6v1HPYFg3QKQXkAjtGUaIi\n7Bv6FKVGlU1lMf1cS+ri3PXT8tmshp4RDocaaAuwj4gaoHdSPPLA5o1u+oed5Hh1\nM12F5IB8268PQHkISsK2SafZeRljTbd1eZtDRHolUQKCAQBi9kyrqG5BkOX652zq\nT6QEUTt1GAOWXAjEh3eP0EZLRA2mpAjJ3w9MEaRMSoaLP63epS+cWGs32t6oGTkN\n5ubEuSLMxIByVn9wz4ueM6eXCHPxkWz4lHf8QJDi9rkx8szdEqbesv0tVLd3irZm\nRVtned0bZstgdT5o/Ylq2ScSVwQp7ON13VXw3AC5kl0JFMUl3kjmcp3iZT59Dsi3\nR0wYQVFLokLhpsDrJWBssZLpHSiO+zOzHEEPdeOaYSke7fxLPanMMDbKOhFAA39E\n06p4ifawYGF5n/5girXMZMEl037bmGWYcefe+rMN2U4VS8wqlvz81QDS0DmKkO03\np9QBAoIBADDaXvT1/wcYoRH18REGPixG3EpMYyGnm7iQrY0qAY5ppr55P/Tp40yl\nOfShvj4g3Z0Anav93oCHFEMvvmQ9+fCXbRz7WyQzvzFkh39nnY9PnYPX7qD09c2m\nWRAcOjwnoipNCJ88h0Z0BfgYcY38HSG3OZnkCS+RhWYzzb7zPDWnNo5iHeCy4ytK\nIyWpUCf02aXwuUHXWGGZoHhXXGW6LmCkCtSn0ybkfao2yon8m9YUFU7mD3Ny5g/M\nD3SUC5GqL6E2Rr3c4QO3wTE+pPCYU1yhRitQDxR8GUZxjx+VlbTHCnLsXRCBlQgj\nkegeued1yMoD+166stNf41qxcGhyvQECggEAHLwb8QN5dileoE6sU+K6wlRVsxSo\nFF4T7ikJ8e/S9xe0Mek4hGh1HAajoRgYOvLQi78VJGYBp/xjFG9ya4qSqlvzTg6O\nnMBZ+hMtbXezuhvG4vYOxTJrvDMi85/Q22VNFKABE3EpxsgFAT3g3DPNkfAjVZvN\nqc/N51H6ghBWW0UrZja4m8EyxgT0MRk4TlwD7MtCnWwEPaqNrniI9AKUcfIFssQS\nBPLX4M6zkNc1oQt/gKVVYQ/OIh7aL/KULXkfWrY2UeEbx5mnTtxCZssoEnqTpJmC\nhQkxnAmsTh1z9ekqDTcxwezoFFruTpDHxFr3CQ6wwIg2W87KraaZfd8yHQ==\n-----END RSA PRIVATE KEY-----\n",
            "private_key_pem_pkcs8": "-----BEGIN PRIVATE KEY-----\nMIIJQQIBADANBgkqhkiG9w0BAQEFAASCCSswggknAgEAAoICAQCiMhTwKZxAagUs\ng3KB3d+I4eHd8wNwgYAulrXDL/shK9IJxks62QNgBRiUUBMZ98dtpOl51xh7Vy3M\nSFzeGwn3uSbeLIfxq3QaQBPx4M8YmwtFn8+v/MiMuXYbAgKmo95iyLECXVsVzOsr\nsAn85HOxuzVRp1OI/+LSyJnzjgUDeiTlLtVPuPMRLhDxxKuO/RD1rtccb9xxgDX1\nZMTBExjQ7NWB/mTlnfKbX/eD9TK2EO1kgYJjwELxj+L+kA0yMfNw67/Sx1+eFV67\nf1hwp3ZMMs04uYAwzoCMIBbktLpCQkKP8RYRKXh71+yjykH/NgS/H8uy9vugXrKD\njDFffVPy7PBIFPiHTdy6LoMQNBz6q0pkpNo95/fJTiJLJw1YHAXF0WP7JyppnIQ9\nXnmXe9k5zLpasGm9+/fMd14yrjC1um47Yymym70v0pxTDseNueV6Nv6c6Dj+fblQ\nM7hG0NHeNXeXQJsc+xC/s+4wAiBDl2jmav2bH4wPqPD4eSkDMAThwd+f0VGte8Fa\nHTc5j6smxujGycYCKqzcFuvMPQR9P6k9kZ6xyH5726SzfLsTh1CLXAde8Hvd6e+2\nIlb6/o0D96pvnkitKQVedfErsfeymeRpwy4Va32QCRypAGOXeQmNCTgigsavscaX\nPjRshPimKfL0z8pa4glTKGWMMWgbRwIDAQABAoICACco7lM5yKbosg0YQ3pFZmX3\nG4Bp3ue37InTC1lv6TMOEG0ZuiogISd6s3+DgckgQL8hNNmc7CVDXCRZSEq7voFX\n66FyoPPhUGvSEr6wZ2/qZyNNPWihII6RbImCx78SC2xQRiRrA8XUrubiXtb3FVPQ\n/kOToaCPH2WC12CtZlp7kBLhZtETt2Prel3U/RLN2N1odDlCbLfem6h+xt5SzQgM\nVlRHZnbl1qBa4Di056R7m8VLW37X+ZG3CrgpcXYwBzW5RZwPVO+m+zNLwL+aPv6Q\nuWm7p86g3Pp3+O8JD3tV4ho8u/YyzAsii9jTyXFjymuWsqin5wLGOlV2cKk8ahr3\nYDLalEZcJmrFBCs7sEOjIpl1A81ANm75ELMWA9KNrPSy+2jBIg/BpmDzu5gxIdHD\nwgsJ1xxu26fOBQrB7u+hUhjZ/VWsRxOAsONUloAl/hxeEZ7lGdETxkCncR7Vw5Pa\njuCVDiYv3IIAB+hYNf9Lm2AAEWv6qnwzyeOnt/ss0eoWwQYWS0E4i0I/zhXU4XfA\nn69/RUaab1eMTsh4BZL39/j1EaBQBY2e6Da/IIApWT4pqScDFhaoaXJliUlNobzh\nM9G0CAye+ca/Vl23F0LwY1TlZcG2rtjA6kc3XsLfHIjVtf/+HhSROBb1Ex6RXGxj\n3rSCI/ZJv9kbJoGWzNEhAoIBAQDJEaXbV5IccA9U7onKo6tVP32Csbg9thabjrL6\neZKBGRYuG84UIDMizRUQHh4kHOXT9fRUYZV2ZcQWSOXl10ZxA96F5jM6mEShIoLn\nGvdzLMkYbG7PP+CkAR7CF5asCB4YH4X6njCCroOnIN9fdVi8nP0fA90Ci2tqIGZq\nbt9UTWKMEmRW3QvLkivakG7yrlXMeMCLpZ8moMTX+nVhpqFEK4EeYJ+F6vDnakAk\nttqf36Hfxp/cECj7W1NuQpFFQ0OAdcEYFFdSKmB2AYSjMqk9XlfT/hwklUUVZ8vd\nq8o+IdCgsUd/rbd/xDTkq2Vy/8H0mLHvYYFU9fB3crp7FnEXAoIBAQDOgbbO8UVv\nFhAGuHRby2m3sfD11wIUyL2w8qCXgW6SBJONV2vCV5UcaLpqqWSne05t365PLu9U\nXmUXDPirIpQv10bgLED7wS3KKq5uJwzLpM1VKLnfTLoIY/mAe8/KqhxM3bQdrJ+e\ns1Nrf8NXrCvR1rWEUfMdPNh/wXPCuWGiAUIjzxApfY3XAY8wBiwkAzJfztjxNx7L\nMfdQcWprokfGLq/Uc9gWDdApBeQCO0ZRoiLsG/oUpUaVTWUx/VxL6uLc9dPy2ayG\nnhEOhxpoC7CPiBqgd1I88sDmjW76h53keHUzXYXkgHzbrw9AeQhKwrZJp9l5GWNN\nt3V5m0NEeiVRAoIBAGL2TKuobkGQ5frnbOpPpARRO3UYA5ZcCMSHd4/QRktEDaak\nCMnfD0wRpExKhos/rd6lL5xYazfa3qgZOQ3m5sS5IszEgHJWf3DPi54zp5cIc/GR\nbPiUd/xAkOL2uTHyzN0Spt6y/S1Ut3eKtmZFW2d53Rtmy2B1Pmj9iWrZJxJXBCns\n43XdVfDcALmSXQkUxSXeSOZyneJlPn0OyLdHTBhBUUuiQuGmwOslYGyxkukdKI77\nM7McQQ9145phKR7t/Es9qcwwNso6EUADf0TTqniJ9rBgYXmf/mCKtcxkwSXTftuY\nZZhx5976sw3ZThVLzCqW/PzVANLQOYqQ7Ten1AECggEAMNpe9PX/BxihEfXxEQY+\nLEbcSkxjIaebuJCtjSoBjmmmvnk/9OnjTKU59KG+PiDdnQCdq/3egIcUQy++ZD35\n8JdtHPtbJDO/MWSHf2edj0+dg9fuoPT1zaZZEBw6PCeiKk0InzyHRnQF+Bhxjfwd\nIbc5meQJL5GFZjPNvvM8Nac2jmId4LLjK0ojJalQJ/TZpfC5QddYYZmgeFdcZbou\nYKQK1KfTJuR9qjbKifyb1hQVTuYPc3LmD8wPdJQLkaovoTZGvdzhA7fBMT6k8JhT\nXKFGK1APFHwZRnGPH5WVtMcKcuxdEIGVCCOR6B6553XIygP7Xrqy01/jWrFwaHK9\nAQKCAQAcvBvxA3l2KV6gTqxT4rrCVFWzFKgUXhPuKQnx79L3F7Qx6TiEaHUcBqOh\nGBg68tCLvxUkZgGn/GMUb3JripKqW/NODo6cwFn6Ey1td7O6G8bi9g7FMmu8MyLz\nn9DbZU0UoAETcSnGyAUBPeDcM82R8CNVm82pz83nUfqCEFZbRStmNribwTLGBPQx\nGThOXAPsy0KdbAQ9qo2ueIj0ApRx8gWyxBIE8tfgzrOQ1zWhC3+ApVVhD84iHtov\n8pQteR9atjZR4RvHmadO3EJmyygSepOkmYKFCTGcCaxOHXP16SoNNzHB7OgUWu5O\nkMfEWvcJDrDAiDZbzsqtppl93zId\n-----END PRIVATE KEY-----\n",
            "public_key_fingerprint_md5": "b8:92:03:dd:26:5b:ab:0b:80:ce:6e:e9:a2:63:e7:e4",
            "public_key_fingerprint_sha256": "SHA256:2LP11tH+VS+UVI6xLbTZ5/kE8Nu1u/zFlFU08ddhneU",
            "public_key_openssh": "ssh-rsa AAAAB3NzaC1yc2EAAAADAQABAAACAQCiMhTwKZxAagUsg3KB3d+I4eHd8wNwgYAulrXDL/shK9IJxks62QNgBRiUUBMZ98dtpOl51xh7Vy3MSFzeGwn3uSbeLIfxq3QaQBPx4M8YmwtFn8+v/MiMuXYbAgKmo95iyLECXVsVzOsrsAn85HOxuzVRp1OI/+LSyJnzjgUDeiTlLtVPuPMRLhDxxKuO/RD1rtccb9xxgDX1ZMTBExjQ7NWB/mTlnfKbX/eD9TK2EO1kgYJjwELxj+L+kA0yMfNw67/Sx1+eFV67f1hwp3ZMMs04uYAwzoCMIBbktLpCQkKP8RYRKXh71+yjykH/NgS/H8uy9vugXrKDjDFffVPy7PBIFPiHTdy6LoMQNBz6q0pkpNo95/fJTiJLJw1YHAXF0WP7JyppnIQ9XnmXe9k5zLpasGm9+/fMd14yrjC1um47Yymym70v0pxTDseNueV6Nv6c6Dj+fblQM7hG0NHeNXeXQJsc+xC/s+4wAiBDl2jmav2bH4wPqPD4eSkDMAThwd+f0VGte8FaHTc5j6smxujGycYCKqzcFuvMPQR9P6k9kZ6xyH5726SzfLsTh1CLXAde8Hvd6e+2Ilb6/o0D96pvnkitKQVedfErsfeymeRpwy4Va32QCRypAGOXeQmNCTgigsavscaXPjRshPimKfL0z8pa4glTKGWMMWgbRw==\n",
            "public_key_pem": "-----BEGIN PUBLIC KEY-----\nMIICIjANBgkqhkiG9w0BAQEFAAOCAg8AMIICCgKCAgEAojIU8CmcQGoFLINygd3f\niOHh3fMDcIGALpa1wy/7ISvSCcZLOtkDYAUYlFATGffHbaTpedcYe1ctzEhc3hsJ\n97km3iyH8at0GkAT8eDPGJsLRZ/Pr/zIjLl2GwICpqPeYsixAl1bFczrK7AJ/ORz\nsbs1UadTiP/i0siZ844FA3ok5S7VT7jzES4Q8cSrjv0Q9a7XHG/ccYA19WTEwRMY\n0OzVgf5k5Z3ym1/3g/UythDtZIGCY8BC8Y/i/pANMjHzcOu/0sdfnhVeu39YcKd2\nTDLNOLmAMM6AjCAW5LS6QkJCj/EWESl4e9fso8pB/zYEvx/Lsvb7oF6yg4wxX31T\n8uzwSBT4h03cui6DEDQc+qtKZKTaPef3yU4iSycNWBwFxdFj+ycqaZyEPV55l3vZ\nOcy6WrBpvfv3zHdeMq4wtbpuO2Mpspu9L9KcUw7Hjbnlejb+nOg4/n25UDO4RtDR\n3jV3l0CbHPsQv7PuMAIgQ5do5mr9mx+MD6jw+HkpAzAE4cHfn9FRrXvBWh03OY+r\nJsboxsnGAiqs3BbrzD0EfT+pPZGesch+e9uks3y7E4dQi1wHXvB73envtiJW+v6N\nA/eqb55IrSkFXnXxK7H3spnkacMuFWt9kAkcqQBjl3kJjQk4IoLGr7HGlz40bIT4\npiny9M/KWuIJUyhljDFoG0cCAwEAAQ==\n-----END PUBLIC KEY-----\n",
            "rsa_bits": 4096
          },
          "sensitive_attributes": []
        }
      ]
    }
  ],
  "check_results": null
}
